{
  "version": 4,
  "terraform_version": "1.0.11",
  "serial": 1304,
  "lineage": "a935cdee-c55e-b4ab-d58d-a1848d52f484",
  "outputs": {
    "public_ip": {
      "value": "3.36.147.57",
      "type": "string"
    }
  },
  "resources": [
    {
      "mode": "data",
      "type": "aws_ami",
      "name": "amzn",
      "provider": "provider[\"registry.terraform.io/hashicorp/aws\"]",
      "instances": [
        {
          "schema_version": 0,
          "attributes": {
            "architecture": "x86_64",
            "arn": "arn:aws:ec2:ap-northeast-2::image/ami-0263588f2531a56bd",
            "block_device_mappings": [
              {
                "device_name": "/dev/xvda",
                "ebs": {
                  "delete_on_termination": "true",
                  "encrypted": "false",
                  "iops": "0",
                  "snapshot_id": "snap-0dbd5f8b84e1e1b32",
                  "throughput": "0",
                  "volume_size": "8",
                  "volume_type": "gp2"
                },
                "no_device": "",
                "virtual_name": ""
              }
            ],
            "creation_date": "2021-12-01T19:55:46.000Z",
            "description": "Amazon Linux 2 AMI 2.0.20211201.0 x86_64 HVM gp2",
            "ena_support": true,
            "executable_users": null,
            "filter": [
              {
                "name": "name",
                "values": [
                  "amzn2-ami-hvm-*-x86_64-gp2"
                ]
              },
              {
                "name": "virtualization-type",
                "values": [
                  "hvm"
                ]
              }
            ],
            "hypervisor": "xen",
            "id": "ami-0263588f2531a56bd",
            "image_id": "ami-0263588f2531a56bd",
            "image_location": "amazon/amzn2-ami-hvm-2.0.20211201.0-x86_64-gp2",
            "image_owner_alias": "amazon",
            "image_type": "machine",
            "kernel_id": null,
            "most_recent": true,
            "name": "amzn2-ami-hvm-2.0.20211201.0-x86_64-gp2",
            "name_regex": null,
            "owner_id": "137112412989",
            "owners": [
              "amazon"
            ],
            "platform": null,
            "platform_details": "Linux/UNIX",
            "product_codes": [],
            "public": true,
            "ramdisk_id": null,
            "root_device_name": "/dev/xvda",
            "root_device_type": "ebs",
            "root_snapshot_id": "snap-0dbd5f8b84e1e1b32",
            "sriov_net_support": "simple",
            "state": "available",
            "state_reason": {
              "code": "UNSET",
              "message": "UNSET"
            },
            "tags": {},
            "usage_operation": "RunInstances",
            "virtualization_type": "hvm"
          },
          "sensitive_attributes": []
        }
      ]
    },
    {
      "mode": "managed",
      "type": "aws_ami_from_instance",
      "name": "final-control-ami",
      "provider": "provider[\"registry.terraform.io/hashicorp/aws\"]",
      "instances": [
        {
          "schema_version": 0,
          "attributes": {
            "architecture": "x86_64",
            "arn": "arn:aws:ec2:ap-northeast-2::image/ami-0e2dd732e07c3a8fd",
            "description": "",
            "ebs_block_device": [
              {
                "delete_on_termination": true,
                "device_name": "/dev/xvda",
                "encrypted": false,
                "iops": 0,
                "snapshot_id": "snap-066f526e324d950bc",
                "throughput": 0,
                "volume_size": 8,
                "volume_type": "gp2"
              }
            ],
            "ena_support": true,
            "ephemeral_block_device": [],
            "hypervisor": "xen",
            "id": "ami-0e2dd732e07c3a8fd",
            "image_location": "874623496211/final-control-ami",
            "image_owner_alias": "",
            "image_type": "machine",
            "kernel_id": "",
            "manage_ebs_snapshots": true,
            "name": "final-control-ami",
            "owner_id": "874623496211",
            "platform": "",
            "platform_details": "Linux/UNIX",
            "public": false,
            "ramdisk_id": "",
            "root_device_name": "/dev/xvda",
            "root_snapshot_id": "snap-066f526e324d950bc",
            "snapshot_without_reboot": null,
            "source_instance_id": "i-0eddd8ea4b743f698",
            "sriov_net_support": "simple",
            "tags": {},
            "tags_all": {},
            "timeouts": null,
            "usage_operation": "RunInstances",
            "virtualization_type": "hvm"
          },
          "sensitive_attributes": [],
          "private": "eyJlMmJmYjczMC1lY2FhLTExZTYtOGY4OC0zNDM2M2JjN2M0YzAiOnsiY3JlYXRlIjoyNDAwMDAwMDAwMDAwLCJkZWxldGUiOjU0MDAwMDAwMDAwMDAsInVwZGF0ZSI6MjQwMDAwMDAwMDAwMH19",
          "dependencies": [
            "aws_instance.final-ec2-pub-bastion",
            "aws_security_group.final-sg-pub-bastion",
            "aws_subnet.final-sub-pub-a",
            "aws_vpc.final-vpc",
            "data.aws_ami.amzn"
          ]
        }
      ]
    },
    {
      "mode": "managed",
      "type": "aws_autoscaling_attachment",
      "name": "final-was-asatt",
      "provider": "provider[\"registry.terraform.io/hashicorp/aws\"]",
      "instances": [
        {
          "schema_version": 0,
          "attributes": {
            "alb_target_group_arn": "arn:aws:elasticloadbalancing:ap-northeast-2:874623496211:targetgroup/final-ntg-was/5da8fb2f0722d2aa",
            "autoscaling_group_name": "final-was-atsg",
            "elb": null,
            "id": "final-was-atsg-20211224002419766600000002"
          },
          "sensitive_attributes": [],
          "private": "bnVsbA==",
          "dependencies": [
            "aws_ami_from_instance.final-control-ami",
            "aws_instance.final-ec2-pub-bastion",
            "aws_security_group.final-sg-pri-was",
            "aws_security_group.final-sg-pub-bastion",
            "aws_subnet.final-sub-pub-a",
            "aws_autoscaling_group.final-was-atsg",
            "aws_launch_configuration.final-was-lacf",
            "aws_lb_target_group.final-ntg-was",
            "aws_subnet.final-sub-pri-a-was",
            "aws_subnet.final-sub-pri-c-was",
            "aws_vpc.final-vpc",
            "data.aws_ami.amzn"
          ]
        }
      ]
    },
    {
      "mode": "managed",
      "type": "aws_autoscaling_attachment",
      "name": "final-web-asatt",
      "provider": "provider[\"registry.terraform.io/hashicorp/aws\"]",
      "instances": [
        {
          "schema_version": 0,
          "attributes": {
            "alb_target_group_arn": "arn:aws:elasticloadbalancing:ap-northeast-2:874623496211:targetgroup/final-atg-web/56f29d72ac456091",
            "autoscaling_group_name": "final-web-atsg",
            "elb": null,
            "id": "final-web-atsg-20211224002419797500000003"
          },
          "sensitive_attributes": [],
          "private": "bnVsbA==",
          "dependencies": [
            "aws_lb.final-nlb-was",
            "aws_lb_target_group.final-atg-web",
            "aws_security_group.final-sg-pri-web",
            "aws_subnet.final-sub-pri-a-web",
            "aws_subnet.final-sub-pri-c-web",
            "data.aws_ami.amzn",
            "aws_ami_from_instance.final-control-ami",
            "aws_instance.final-ec2-pub-bastion",
            "aws_launch_configuration.final-web-lacf",
            "aws_security_group.final-sg-pub-bastion",
            "aws_subnet.final-sub-pub-a",
            "aws_vpc.final-vpc",
            "aws_autoscaling_group.final-web-atsg"
          ]
        }
      ]
    },
    {
      "mode": "managed",
      "type": "aws_autoscaling_group",
      "name": "final-was-atsg",
      "provider": "provider[\"registry.terraform.io/hashicorp/aws\"]",
      "instances": [
        {
          "schema_version": 0,
          "attributes": {
            "arn": "arn:aws:autoscaling:ap-northeast-2:874623496211:autoScalingGroup:6becd1b3-74ca-4a00-ac8d-9e3f1bde20c0:autoScalingGroupName/final-was-atsg",
            "availability_zones": [
              "ap-northeast-2a",
              "ap-northeast-2c"
            ],
            "capacity_rebalance": false,
            "default_cooldown": 300,
            "desired_capacity": 2,
            "enabled_metrics": [],
            "force_delete": false,
            "force_delete_warm_pool": false,
            "health_check_grace_period": 60,
            "health_check_type": "EC2",
            "id": "final-was-atsg",
            "initial_lifecycle_hook": [],
            "instance_refresh": [],
            "launch_configuration": "final-was-lacf",
            "launch_template": [],
            "load_balancers": [],
            "max_instance_lifetime": 0,
            "max_size": 10,
            "metrics_granularity": "1Minute",
            "min_elb_capacity": null,
            "min_size": 2,
            "mixed_instances_policy": [],
            "name": "final-was-atsg",
            "name_prefix": "",
            "placement_group": "",
            "protect_from_scale_in": false,
            "service_linked_role_arn": "arn:aws:iam::874623496211:role/aws-service-role/autoscaling.amazonaws.com/AWSServiceRoleForAutoScaling",
            "suspended_processes": [],
            "tag": [
              {
                "key": "Name",
                "propagate_at_launch": true,
                "value": "final-ec2-was"
              }
            ],
            "tags": null,
            "target_group_arns": [],
            "termination_policies": [],
            "timeouts": null,
            "vpc_zone_identifier": [
              "subnet-04b2766ad1f0f94e5",
              "subnet-065c6d6be927e689f"
            ],
            "wait_for_capacity_timeout": "10m",
            "wait_for_elb_capacity": null,
            "warm_pool": []
          },
          "sensitive_attributes": [],
          "private": "eyJlMmJmYjczMC1lY2FhLTExZTYtOGY4OC0zNDM2M2JjN2M0YzAiOnsiZGVsZXRlIjo2MDAwMDAwMDAwMDB9fQ==",
          "dependencies": [
            "aws_launch_configuration.final-was-lacf",
            "aws_subnet.final-sub-pri-a-was",
            "aws_subnet.final-sub-pri-c-was"
          ]
        }
      ]
    },
    {
      "mode": "managed",
      "type": "aws_autoscaling_group",
      "name": "final-web-atsg",
      "provider": "provider[\"registry.terraform.io/hashicorp/aws\"]",
      "instances": [
        {
          "schema_version": 0,
          "attributes": {
            "arn": "arn:aws:autoscaling:ap-northeast-2:874623496211:autoScalingGroup:5a85d427-bba3-4234-87c1-414aaba1ae20:autoScalingGroupName/final-web-atsg",
            "availability_zones": [
              "ap-northeast-2a",
              "ap-northeast-2c"
            ],
            "capacity_rebalance": false,
            "default_cooldown": 300,
            "desired_capacity": 2,
            "enabled_metrics": [],
            "force_delete": false,
            "force_delete_warm_pool": false,
            "health_check_grace_period": 60,
            "health_check_type": "EC2",
            "id": "final-web-atsg",
            "initial_lifecycle_hook": [],
            "instance_refresh": [],
            "launch_configuration": "final-web-lacf",
            "launch_template": [],
            "load_balancers": [],
            "max_instance_lifetime": 0,
            "max_size": 10,
            "metrics_granularity": "1Minute",
            "min_elb_capacity": null,
            "min_size": 2,
            "mixed_instances_policy": [],
            "name": "final-web-atsg",
            "name_prefix": "",
            "placement_group": "",
            "protect_from_scale_in": false,
            "service_linked_role_arn": "arn:aws:iam::874623496211:role/aws-service-role/autoscaling.amazonaws.com/AWSServiceRoleForAutoScaling",
            "suspended_processes": [],
            "tag": [
              {
                "key": "Name",
                "propagate_at_launch": true,
                "value": "final-ec2-web"
              }
            ],
            "tags": null,
            "target_group_arns": [],
            "termination_policies": [],
            "timeouts": null,
            "vpc_zone_identifier": [
              "subnet-019f0270a4c94945d",
              "subnet-082d710be4c731e37"
            ],
            "wait_for_capacity_timeout": "10m",
            "wait_for_elb_capacity": null,
            "warm_pool": []
          },
          "sensitive_attributes": [],
          "private": "eyJlMmJmYjczMC1lY2FhLTExZTYtOGY4OC0zNDM2M2JjN2M0YzAiOnsiZGVsZXRlIjo2MDAwMDAwMDAwMDB9fQ==",
          "dependencies": [
            "aws_launch_configuration.final-web-lacf",
            "aws_subnet.final-sub-pri-a-web",
            "aws_subnet.final-sub-pri-c-web"
          ]
        }
      ]
    },
    {
      "mode": "managed",
      "type": "aws_autoscaling_group_tag",
      "name": "was",
      "provider": "provider[\"registry.terraform.io/hashicorp/aws\"]",
      "instances": [
        {
          "schema_version": 0,
          "attributes": {
            "autoscaling_group_name": "final-was-atsg",
            "id": "final-was-atsg,Name",
            "tag": [
              {
                "key": "Name",
                "propagate_at_launch": true,
                "value": "was"
              }
            ]
          },
          "sensitive_attributes": [],
          "private": "bnVsbA==",
          "dependencies": [
            "aws_subnet.final-sub-pri-a-was",
            "aws_vpc.final-vpc",
            "aws_subnet.final-sub-pub-a",
            "aws_ami_from_instance.final-control-ami",
            "aws_autoscaling_group.final-was-atsg",
            "aws_instance.final-ec2-pub-bastion",
            "aws_launch_configuration.final-was-lacf",
            "aws_security_group.final-sg-pri-was",
            "aws_security_group.final-sg-pub-bastion",
            "aws_subnet.final-sub-pri-c-was",
            "data.aws_ami.amzn"
          ]
        }
      ]
    },
    {
      "mode": "managed",
      "type": "aws_backup_plan",
      "name": "final-backup-plan",
      "provider": "provider[\"registry.terraform.io/hashicorp/aws\"]",
      "instances": [
        {
          "schema_version": 0,
          "attributes": {
            "advanced_backup_setting": [],
            "arn": "arn:aws:backup:ap-northeast-2:874623496211:backup-plan:deac0164-55bf-4304-8670-53cf700a1664",
            "id": "deac0164-55bf-4304-8670-53cf700a1664",
            "name": "final-backup-plan",
            "rule": [
              {
                "completion_window": 180,
                "copy_action": [],
                "enable_continuous_backup": false,
                "lifecycle": [],
                "recovery_point_tags": {},
                "rule_name": "final-backup-rule",
                "schedule": "cron(0 12 * * ? *)",
                "start_window": 60,
                "target_vault_name": "final-backup-vault"
              }
            ],
            "tags": {},
            "tags_all": {},
            "version": "NGVmOTRiNGUtM2ZiMi00NTI1LWJlNTItODEwZDNmN2Y4YTU3"
          },
          "sensitive_attributes": [],
          "private": "bnVsbA==",
          "dependencies": [
            "aws_backup_vault.final-backup-vault"
          ]
        }
      ]
    },
    {
      "mode": "managed",
      "type": "aws_backup_vault",
      "name": "final-backup-vault",
      "provider": "provider[\"registry.terraform.io/hashicorp/aws\"]",
      "instances": [
        {
          "schema_version": 0,
          "attributes": {
            "arn": "arn:aws:backup:ap-northeast-2:874623496211:backup-vault:final-backup-vault",
            "id": "final-backup-vault",
            "kms_key_arn": "arn:aws:kms:ap-northeast-2:874623496211:key/c2267440-b278-4caf-a88f-c68dc2e6725b",
            "name": "final-backup-vault",
            "recovery_points": 0,
            "tags": {},
            "tags_all": {}
          },
          "sensitive_attributes": [],
          "private": "bnVsbA=="
        }
      ]
    },
    {
      "mode": "managed",
      "type": "aws_db_instance",
      "name": "final-db",
      "provider": "provider[\"registry.terraform.io/hashicorp/aws\"]",
      "instances": [
        {
          "schema_version": 1,
          "attributes": {
            "address": "mydb.cf6wjlqeuftm.ap-northeast-2.rds.amazonaws.com",
            "allocated_storage": 20,
            "allow_major_version_upgrade": null,
            "apply_immediately": null,
            "arn": "arn:aws:rds:ap-northeast-2:874623496211:db:mydb",
            "auto_minor_version_upgrade": true,
            "availability_zone": "ap-northeast-2a",
            "backup_retention_period": 0,
            "backup_window": "14:35-15:05",
            "ca_cert_identifier": "rds-ca-2019",
            "character_set_name": "",
            "copy_tags_to_snapshot": false,
            "customer_owned_ip_enabled": false,
            "db_subnet_group_name": "final-dbsg",
            "delete_automated_backups": true,
            "deletion_protection": false,
            "domain": "",
            "domain_iam_role_name": "",
            "enabled_cloudwatch_logs_exports": [],
            "endpoint": "mydb.cf6wjlqeuftm.ap-northeast-2.rds.amazonaws.com:3306",
            "engine": "mysql",
            "engine_version": "8.0",
            "engine_version_actual": "8.0.23",
            "final_snapshot_identifier": null,
            "hosted_zone_id": "ZLA2NUCOLGUUR",
            "iam_database_authentication_enabled": false,
            "id": "mydb",
            "identifier": "mydb",
            "identifier_prefix": null,
            "instance_class": "db.t2.micro",
            "iops": 0,
            "kms_key_id": "",
            "latest_restorable_time": "0001-01-01T00:00:00Z",
            "license_model": "general-public-license",
            "maintenance_window": "sat:17:05-sat:17:35",
            "max_allocated_storage": 0,
            "monitoring_interval": 0,
            "monitoring_role_arn": "",
            "multi_az": false,
            "name": "mydb",
            "nchar_character_set_name": "",
            "option_group_name": "default:mysql-8-0",
            "parameter_group_name": "default.mysql8.0",
            "password": "makeitso",
            "performance_insights_enabled": false,
            "performance_insights_kms_key_id": "",
            "performance_insights_retention_period": 0,
            "port": 3306,
            "publicly_accessible": false,
            "replica_mode": "",
            "replicas": [],
            "replicate_source_db": "",
            "resource_id": "db-RFEAQVLCAJANFVC27GRINMVTHA",
            "restore_to_point_in_time": [],
            "s3_import": [],
            "security_group_names": [],
            "skip_final_snapshot": true,
            "snapshot_identifier": null,
            "status": "available",
            "storage_encrypted": false,
            "storage_type": "gp2",
            "tags": {
              "Name": "final-db"
            },
            "tags_all": {
              "Name": "final-db"
            },
            "timeouts": null,
            "timezone": "",
            "username": "admin",
            "vpc_security_group_ids": [
              "sg-095f901173c3f645b"
            ]
          },
          "sensitive_attributes": [],
          "private": "eyJlMmJmYjczMC1lY2FhLTExZTYtOGY4OC0zNDM2M2JjN2M0YzAiOnsiY3JlYXRlIjoyNDAwMDAwMDAwMDAwLCJkZWxldGUiOjM2MDAwMDAwMDAwMDAsInVwZGF0ZSI6NDgwMDAwMDAwMDAwMH0sInNjaGVtYV92ZXJzaW9uIjoiMSJ9",
          "dependencies": [
            "aws_security_group.final-sg-pub-bastion",
            "aws_subnet.final-sub-pri-a-db",
            "aws_subnet.final-sub-pri-c-db",
            "aws_vpc.final-vpc",
            "aws_db_subnet_group.final-dbsg",
            "aws_security_group.final-sg-pri-db"
          ]
        }
      ]
    },
    {
      "mode": "managed",
      "type": "aws_db_subnet_group",
      "name": "final-dbsg",
      "provider": "provider[\"registry.terraform.io/hashicorp/aws\"]",
      "instances": [
        {
          "schema_version": 0,
          "attributes": {
            "arn": "arn:aws:rds:ap-northeast-2:874623496211:subgrp:final-dbsg",
            "description": "Managed by Terraform",
            "id": "final-dbsg",
            "name": "final-dbsg",
            "name_prefix": null,
            "subnet_ids": [
              "subnet-078a19223457dbde0",
              "subnet-084e396e74d92ee39"
            ],
            "tags": {},
            "tags_all": {}
          },
          "sensitive_attributes": [],
          "private": "bnVsbA==",
          "dependencies": [
            "aws_subnet.final-sub-pri-a-db",
            "aws_subnet.final-sub-pri-c-db",
            "aws_vpc.final-vpc"
          ]
        }
      ]
    },
    {
      "mode": "managed",
      "type": "aws_dlm_lifecycle_policy",
      "name": "final-dlm-policy",
      "provider": "provider[\"registry.terraform.io/hashicorp/aws\"]",
      "instances": [
        {
          "schema_version": 0,
          "attributes": {
            "arn": "arn:aws:dlm:ap-northeast-2:874623496211:policy/policy-0ea60f7ab5b7847e5",
            "description": "final DLM lifecycle policy",
            "execution_role_arn": "arn:aws:iam::874623496211:role/final-dlm-lifecycle-role",
            "id": "policy-0ea60f7ab5b7847e5",
            "policy_details": [
              {
                "resource_types": [
                  "VOLUME"
                ],
                "schedule": [
                  {
                    "copy_tags": false,
                    "create_rule": [
                      {
                        "interval": 24,
                        "interval_unit": "HOURS",
                        "times": [
                          "09:00"
                        ]
                      }
                    ],
                    "cross_region_copy_rule": [],
                    "name": "oneday-snapshot",
                    "retain_rule": [
                      {
                        "count": 1
                      }
                    ],
                    "tags_to_add": {
                      "SnapshotCreator": "DLM"
                    }
                  }
                ],
                "target_tags": {
                  "Name": "control"
                }
              }
            ],
            "state": "DISABLED",
            "tags": {},
            "tags_all": {}
          },
          "sensitive_attributes": [],
          "private": "bnVsbA==",
          "dependencies": [
            "aws_iam_role.final-dlm-lifecycle-role"
          ]
        }
      ]
    },
    {
      "mode": "managed",
      "type": "aws_ebs_volume",
      "name": "final-ebs",
      "provider": "provider[\"registry.terraform.io/hashicorp/aws\"]",
      "instances": [
        {
          "schema_version": 0,
          "attributes": {
            "arn": "arn:aws:ec2:ap-northeast-2:874623496211:volume/vol-02669d3cb41a9b8b3",
            "availability_zone": "ap-northeast-2c",
            "encrypted": false,
            "id": "vol-02669d3cb41a9b8b3",
            "iops": 120,
            "kms_key_id": "",
            "multi_attach_enabled": false,
            "outpost_arn": "",
            "size": 40,
            "snapshot_id": "",
            "tags": {
              "Name": "final-ebs"
            },
            "tags_all": {
              "Name": "final-ebs"
            },
            "throughput": 0,
            "type": "gp2"
          },
          "sensitive_attributes": [],
          "private": "bnVsbA=="
        }
      ]
    },
    {
      "mode": "managed",
      "type": "aws_efs_access_point",
      "name": "final-efs-ap",
      "provider": "provider[\"registry.terraform.io/hashicorp/aws\"]",
      "instances": [
        {
          "schema_version": 0,
          "attributes": {
            "arn": "arn:aws:elasticfilesystem:ap-northeast-2:874623496211:access-point/fsap-0b42eae593b2b5c1a",
            "file_system_arn": "arn:aws:elasticfilesystem:ap-northeast-2:874623496211:file-system/fs-0fb51cdca4274805e",
            "file_system_id": "fs-0fb51cdca4274805e",
            "id": "fsap-0b42eae593b2b5c1a",
            "owner_id": "874623496211",
            "posix_user": [],
            "root_directory": [
              {
                "creation_info": [],
                "path": "/"
              }
            ],
            "tags": {},
            "tags_all": {}
          },
          "sensitive_attributes": [],
          "private": "bnVsbA==",
          "dependencies": [
            "aws_efs_file_system.final-efs"
          ]
        }
      ]
    },
    {
      "mode": "managed",
      "type": "aws_efs_file_system",
      "name": "final-efs",
      "provider": "provider[\"registry.terraform.io/hashicorp/aws\"]",
      "instances": [
        {
          "schema_version": 0,
          "attributes": {
            "arn": "arn:aws:elasticfilesystem:ap-northeast-2:874623496211:file-system/fs-0fb51cdca4274805e",
            "availability_zone_id": "",
            "availability_zone_name": "",
            "creation_token": "final-efs-961118",
            "dns_name": "fs-0fb51cdca4274805e.efs.ap-northeast-2.amazonaws.com",
            "encrypted": false,
            "id": "fs-0fb51cdca4274805e",
            "kms_key_id": "",
            "lifecycle_policy": [],
            "number_of_mount_targets": 1,
            "owner_id": "874623496211",
            "performance_mode": "generalPurpose",
            "provisioned_throughput_in_mibps": 0,
            "size_in_bytes": [
              {
                "value": 6144,
                "value_in_ia": 0,
                "value_in_standard": 6144
              }
            ],
            "tags": {
              "Name": "final-efs"
            },
            "tags_all": {
              "Name": "final-efs"
            },
            "throughput_mode": "bursting"
          },
          "sensitive_attributes": [],
          "private": "bnVsbA=="
        }
      ]
    },
    {
      "mode": "managed",
      "type": "aws_efs_mount_target",
      "name": "final-efs-mt",
      "provider": "provider[\"registry.terraform.io/hashicorp/aws\"]",
      "instances": [
        {
          "schema_version": 0,
          "attributes": {
            "availability_zone_id": "apne2-az3",
            "availability_zone_name": "ap-northeast-2c",
            "dns_name": "fs-0fb51cdca4274805e.efs.ap-northeast-2.amazonaws.com",
            "file_system_arn": "arn:aws:elasticfilesystem:ap-northeast-2:874623496211:file-system/fs-0fb51cdca4274805e",
            "file_system_id": "fs-0fb51cdca4274805e",
            "id": "fsmt-070cfb81af0f08cde",
            "ip_address": "10.0.2.216",
            "mount_target_dns_name": "ap-northeast-2c.fs-0fb51cdca4274805e.efs.ap-northeast-2.amazonaws.com",
            "network_interface_id": "eni-07240d4502795a5c6",
            "owner_id": "874623496211",
            "security_groups": [
              "sg-0dea023a6ada2b712"
            ],
            "subnet_id": "subnet-0790a8212bd940af5"
          },
          "sensitive_attributes": [],
          "private": "bnVsbA==",
          "dependencies": [
            "aws_vpc.final-vpc",
            "aws_efs_file_system.final-efs",
            "aws_security_group.final-sg-pub-bastion",
            "aws_subnet.final-sub-pub-c"
          ]
        }
      ]
    },
    {
      "mode": "managed",
      "type": "aws_eip",
      "name": "final-bastion-ip",
      "provider": "provider[\"registry.terraform.io/hashicorp/aws\"]",
      "instances": [
        {
          "schema_version": 0,
          "attributes": {
            "address": null,
            "allocation_id": "eipalloc-02beff30b02f52f59",
            "associate_with_private_ip": "10.0.1.10",
            "association_id": "eipassoc-0fe701f15e827c982",
            "carrier_ip": "",
            "customer_owned_ip": "",
            "customer_owned_ipv4_pool": "",
            "domain": "vpc",
            "id": "eipalloc-02beff30b02f52f59",
            "instance": "i-0eddd8ea4b743f698",
            "network_border_group": "ap-northeast-2",
            "network_interface": "eni-04cb6feb68d367ff4",
            "private_dns": "ip-10-0-1-10.ap-northeast-2.compute.internal",
            "private_ip": "10.0.1.10",
            "public_dns": "ec2-3-36-147-57.ap-northeast-2.compute.amazonaws.com",
            "public_ip": "3.36.147.57",
            "public_ipv4_pool": "amazon",
            "tags": {},
            "tags_all": {},
            "timeouts": null,
            "vpc": true
          },
          "sensitive_attributes": [],
          "private": "eyJlMmJmYjczMC1lY2FhLTExZTYtOGY4OC0zNDM2M2JjN2M0YzAiOnsiZGVsZXRlIjoxODAwMDAwMDAwMDAsInJlYWQiOjkwMDAwMDAwMDAwMCwidXBkYXRlIjozMDAwMDAwMDAwMDB9fQ==",
          "dependencies": [
            "aws_subnet.final-sub-pub-a",
            "aws_vpc.final-vpc",
            "data.aws_ami.amzn",
            "aws_instance.final-ec2-pub-bastion",
            "aws_internet_gateway.final-igw",
            "aws_security_group.final-sg-pub-bastion"
          ]
        }
      ]
    },
    {
      "mode": "managed",
      "type": "aws_eip",
      "name": "final-control-ip",
      "provider": "provider[\"registry.terraform.io/hashicorp/aws\"]",
      "instances": [
        {
          "schema_version": 0,
          "attributes": {
            "address": null,
            "allocation_id": "eipalloc-097c6c6237c649e99",
            "associate_with_private_ip": "10.0.2.10",
            "association_id": "eipassoc-0ff8c3c833a3aa8fe",
            "carrier_ip": "",
            "customer_owned_ip": "",
            "customer_owned_ipv4_pool": "",
            "domain": "vpc",
            "id": "eipalloc-097c6c6237c649e99",
            "instance": "i-0898db0712bc85c23",
            "network_border_group": "ap-northeast-2",
            "network_interface": "eni-00ff93dd80a6bb7ae",
            "private_dns": "ip-10-0-2-10.ap-northeast-2.compute.internal",
            "private_ip": "10.0.2.10",
            "public_dns": "ec2-3-35-61-43.ap-northeast-2.compute.amazonaws.com",
            "public_ip": "3.35.61.43",
            "public_ipv4_pool": "amazon",
            "tags": {},
            "tags_all": {},
            "timeouts": null,
            "vpc": true
          },
          "sensitive_attributes": [],
          "private": "eyJlMmJmYjczMC1lY2FhLTExZTYtOGY4OC0zNDM2M2JjN2M0YzAiOnsiZGVsZXRlIjoxODAwMDAwMDAwMDAsInJlYWQiOjkwMDAwMDAwMDAwMCwidXBkYXRlIjozMDAwMDAwMDAwMDB9fQ==",
          "dependencies": [
            "aws_vpc.final-vpc",
            "data.aws_ami.amzn",
            "aws_instance.final-ec2-pub-control",
            "aws_internet_gateway.final-igw",
            "aws_security_group.final-sg-pub-bastion",
            "aws_subnet.final-sub-pub-c"
          ]
        }
      ]
    },
    {
      "mode": "managed",
      "type": "aws_eip",
      "name": "final-nip",
      "provider": "provider[\"registry.terraform.io/hashicorp/aws\"]",
      "instances": [
        {
          "schema_version": 0,
          "attributes": {
            "address": null,
            "allocation_id": "eipalloc-0268bd8adb012f043",
            "associate_with_private_ip": null,
            "association_id": "eipassoc-0f9e878e85c9e613b",
            "carrier_ip": "",
            "customer_owned_ip": "",
            "customer_owned_ipv4_pool": "",
            "domain": "vpc",
            "id": "eipalloc-0268bd8adb012f043",
            "instance": "",
            "network_border_group": "ap-northeast-2",
            "network_interface": "eni-0542f0a2beacbc5d8",
            "private_dns": "ip-10-0-1-101.ap-northeast-2.compute.internal",
            "private_ip": "10.0.1.101",
            "public_dns": "ec2-3-38-0-200.ap-northeast-2.compute.amazonaws.com",
            "public_ip": "3.38.0.200",
            "public_ipv4_pool": "amazon",
            "tags": {
              "Name": "final-nip"
            },
            "tags_all": {
              "Name": "final-nip"
            },
            "timeouts": null,
            "vpc": true
          },
          "sensitive_attributes": [],
          "private": "eyJlMmJmYjczMC1lY2FhLTExZTYtOGY4OC0zNDM2M2JjN2M0YzAiOnsiZGVsZXRlIjoxODAwMDAwMDAwMDAsInJlYWQiOjkwMDAwMDAwMDAwMCwidXBkYXRlIjozMDAwMDAwMDAwMDB9fQ=="
        }
      ]
    },
    {
      "mode": "managed",
      "type": "aws_iam_role",
      "name": "final-dlm-lifecycle-role",
      "provider": "provider[\"registry.terraform.io/hashicorp/aws\"]",
      "instances": [
        {
          "schema_version": 0,
          "attributes": {
            "arn": "arn:aws:iam::874623496211:role/final-dlm-lifecycle-role",
            "assume_role_policy": "{\"Version\":\"2012-10-17\",\"Statement\":[{\"Sid\":\"\",\"Effect\":\"Allow\",\"Principal\":{\"Service\":\"dlm.amazonaws.com\"},\"Action\":\"sts:AssumeRole\"}]}",
            "create_date": "2021-12-24T00:20:10Z",
            "description": "",
            "force_detach_policies": false,
            "id": "final-dlm-lifecycle-role",
            "inline_policy": [
              {
                "name": "final-final-dlm-lifecycle-policy",
                "policy": "{\r\n   \"Version\": \"2012-10-17\",\r\n   \"Statement\": [\r\n      {\r\n         \"Effect\": \"Allow\",\r\n         \"Action\": [\r\n            \"ec2:CreateSnapshot\",\r\n            \"ec2:CreateSnapshots\",\r\n            \"ec2:DeleteSnapshot\",\r\n            \"ec2:DescribeInstances\",\r\n            \"ec2:DescribeVolumes\",\r\n            \"ec2:DescribeSnapshots\"\r\n         ],\r\n         \"Resource\": \"*\"\r\n      },\r\n      {\r\n         \"Effect\": \"Allow\",\r\n         \"Action\": [\r\n            \"ec2:CreateTags\"\r\n         ],\r\n         \"Resource\": \"arn:aws:ec2:*::snapshot/*\"\r\n      }\r\n   ]\r\n}\r\n"
              }
            ],
            "managed_policy_arns": [
              "arn:aws:iam::aws:policy/service-role/AWSBackupServiceRolePolicyForBackup"
            ],
            "max_session_duration": 3600,
            "name": "final-dlm-lifecycle-role",
            "name_prefix": "",
            "path": "/",
            "permissions_boundary": null,
            "tags": {},
            "tags_all": {},
            "unique_id": "AROA4XI47OAJX3AEZ5IGM"
          },
          "sensitive_attributes": [],
          "private": "bnVsbA=="
        }
      ]
    },
    {
      "mode": "managed",
      "type": "aws_iam_role_policy",
      "name": "final-dlm-lifecycle",
      "provider": "provider[\"registry.terraform.io/hashicorp/aws\"]",
      "instances": [
        {
          "schema_version": 0,
          "attributes": {
            "id": "final-dlm-lifecycle-role:final-final-dlm-lifecycle-policy",
            "name": "final-final-dlm-lifecycle-policy",
            "name_prefix": null,
            "policy": "{\r\n   \"Version\": \"2012-10-17\",\r\n   \"Statement\": [\r\n      {\r\n         \"Effect\": \"Allow\",\r\n         \"Action\": [\r\n            \"ec2:CreateSnapshot\",\r\n            \"ec2:CreateSnapshots\",\r\n            \"ec2:DeleteSnapshot\",\r\n            \"ec2:DescribeInstances\",\r\n            \"ec2:DescribeVolumes\",\r\n            \"ec2:DescribeSnapshots\"\r\n         ],\r\n         \"Resource\": \"*\"\r\n      },\r\n      {\r\n         \"Effect\": \"Allow\",\r\n         \"Action\": [\r\n            \"ec2:CreateTags\"\r\n         ],\r\n         \"Resource\": \"arn:aws:ec2:*::snapshot/*\"\r\n      }\r\n   ]\r\n}\r\n",
            "role": "final-dlm-lifecycle-role"
          },
          "sensitive_attributes": [],
          "private": "bnVsbA==",
          "dependencies": [
            "aws_iam_role.final-dlm-lifecycle-role"
          ]
        }
      ]
    },
    {
      "mode": "managed",
      "type": "aws_iam_role_policy_attachment",
      "name": "final-iam-role-policy-attachment",
      "provider": "provider[\"registry.terraform.io/hashicorp/aws\"]",
      "instances": [
        {
          "schema_version": 0,
          "attributes": {
            "id": "final-dlm-lifecycle-role-20211224002014827200000001",
            "policy_arn": "arn:aws:iam::aws:policy/service-role/AWSBackupServiceRolePolicyForBackup",
            "role": "final-dlm-lifecycle-role"
          },
          "sensitive_attributes": [],
          "private": "bnVsbA==",
          "dependencies": [
            "aws_iam_role.final-dlm-lifecycle-role"
          ]
        }
      ]
    },
    {
      "mode": "managed",
      "type": "aws_instance",
      "name": "final-ec2-pub-bastion",
      "provider": "provider[\"registry.terraform.io/hashicorp/aws\"]",
      "instances": [
        {
          "schema_version": 1,
          "attributes": {
            "ami": "ami-0263588f2531a56bd",
            "arn": "arn:aws:ec2:ap-northeast-2:874623496211:instance/i-0eddd8ea4b743f698",
            "associate_public_ip_address": true,
            "availability_zone": "ap-northeast-2a",
            "capacity_reservation_specification": [
              {
                "capacity_reservation_preference": "open",
                "capacity_reservation_target": []
              }
            ],
            "cpu_core_count": 1,
            "cpu_threads_per_core": 2,
            "credit_specification": [
              {
                "cpu_credits": "unlimited"
              }
            ],
            "disable_api_termination": false,
            "ebs_block_device": [],
            "ebs_optimized": false,
            "enclave_options": [
              {
                "enabled": false
              }
            ],
            "ephemeral_block_device": [],
            "get_password_data": false,
            "hibernation": false,
            "host_id": null,
            "iam_instance_profile": "",
            "id": "i-0eddd8ea4b743f698",
            "instance_initiated_shutdown_behavior": "stop",
            "instance_state": "running",
            "instance_type": "t3.micro",
            "ipv6_address_count": 0,
            "ipv6_addresses": [],
            "key_name": "final-key",
            "launch_template": [],
            "metadata_options": [
              {
                "http_endpoint": "enabled",
                "http_put_response_hop_limit": 1,
                "http_tokens": "optional"
              }
            ],
            "monitoring": false,
            "network_interface": [],
            "outpost_arn": "",
            "password_data": "",
            "placement_group": "",
            "placement_partition_number": null,
            "primary_network_interface_id": "eni-04cb6feb68d367ff4",
            "private_dns": "ip-10-0-1-10.ap-northeast-2.compute.internal",
            "private_ip": "10.0.1.10",
            "public_dns": "ec2-3-36-147-57.ap-northeast-2.compute.amazonaws.com",
            "public_ip": "3.36.147.57",
            "root_block_device": [
              {
                "delete_on_termination": true,
                "device_name": "/dev/xvda",
                "encrypted": false,
                "iops": 100,
                "kms_key_id": "",
                "tags": {},
                "throughput": 0,
                "volume_id": "vol-0a1acdbd30cc20063",
                "volume_size": 8,
                "volume_type": "gp2"
              }
            ],
            "secondary_private_ips": [],
            "security_groups": [],
            "source_dest_check": true,
            "subnet_id": "subnet-097a671ad1a4cf2ac",
            "tags": {
              "Name": "final-ec2-pub-bastion"
            },
            "tags_all": {
              "Name": "final-ec2-pub-bastion"
            },
            "tenancy": "default",
            "timeouts": null,
            "user_data": null,
            "user_data_base64": null,
            "volume_tags": null,
            "vpc_security_group_ids": [
              "sg-0dea023a6ada2b712"
            ]
          },
          "sensitive_attributes": [],
          "private": "eyJlMmJmYjczMC1lY2FhLTExZTYtOGY4OC0zNDM2M2JjN2M0YzAiOnsiY3JlYXRlIjo2MDAwMDAwMDAwMDAsImRlbGV0ZSI6MTIwMDAwMDAwMDAwMCwidXBkYXRlIjo2MDAwMDAwMDAwMDB9LCJzY2hlbWFfdmVyc2lvbiI6IjEifQ==",
          "dependencies": [
            "aws_security_group.final-sg-pub-bastion",
            "aws_subnet.final-sub-pub-a",
            "aws_vpc.final-vpc",
            "data.aws_ami.amzn"
          ]
        }
      ]
    },
    {
      "mode": "managed",
      "type": "aws_instance",
      "name": "final-ec2-pub-control",
      "provider": "provider[\"registry.terraform.io/hashicorp/aws\"]",
      "instances": [
        {
          "schema_version": 1,
          "attributes": {
            "ami": "ami-0263588f2531a56bd",
            "arn": "arn:aws:ec2:ap-northeast-2:874623496211:instance/i-0898db0712bc85c23",
            "associate_public_ip_address": true,
            "availability_zone": "ap-northeast-2c",
            "capacity_reservation_specification": [
              {
                "capacity_reservation_preference": "open",
                "capacity_reservation_target": []
              }
            ],
            "cpu_core_count": 1,
            "cpu_threads_per_core": 2,
            "credit_specification": [
              {
                "cpu_credits": "unlimited"
              }
            ],
            "disable_api_termination": false,
            "ebs_block_device": [
              {
                "delete_on_termination": false,
                "device_name": "/dev/sdh",
                "encrypted": false,
                "iops": 120,
                "kms_key_id": "",
                "snapshot_id": "",
                "tags": {
                  "Name": "final-ebs"
                },
                "throughput": 0,
                "volume_id": "vol-02669d3cb41a9b8b3",
                "volume_size": 40,
                "volume_type": "gp2"
              }
            ],
            "ebs_optimized": false,
            "enclave_options": [
              {
                "enabled": false
              }
            ],
            "ephemeral_block_device": [],
            "get_password_data": false,
            "hibernation": false,
            "host_id": null,
            "iam_instance_profile": "",
            "id": "i-0898db0712bc85c23",
            "instance_initiated_shutdown_behavior": "stop",
            "instance_state": "running",
            "instance_type": "t3.micro",
            "ipv6_address_count": 0,
            "ipv6_addresses": [],
            "key_name": "final-key",
            "launch_template": [],
            "metadata_options": [
              {
                "http_endpoint": "enabled",
                "http_put_response_hop_limit": 1,
                "http_tokens": "optional"
              }
            ],
            "monitoring": false,
            "network_interface": [],
            "outpost_arn": "",
            "password_data": "",
            "placement_group": "",
            "placement_partition_number": null,
            "primary_network_interface_id": "eni-00ff93dd80a6bb7ae",
            "private_dns": "ip-10-0-2-10.ap-northeast-2.compute.internal",
            "private_ip": "10.0.2.10",
            "public_dns": "ec2-3-35-61-43.ap-northeast-2.compute.amazonaws.com",
            "public_ip": "3.35.61.43",
            "root_block_device": [
              {
                "delete_on_termination": true,
                "device_name": "/dev/xvda",
                "encrypted": false,
                "iops": 100,
                "kms_key_id": "",
                "tags": {},
                "throughput": 0,
                "volume_id": "vol-00c98647d41c89ad8",
                "volume_size": 8,
                "volume_type": "gp2"
              }
            ],
            "secondary_private_ips": [],
            "security_groups": [],
            "source_dest_check": true,
            "subnet_id": "subnet-0790a8212bd940af5",
            "tags": {
              "Name": "final-ec2-pub-control"
            },
            "tags_all": {
              "Name": "final-ec2-pub-control"
            },
            "tenancy": "default",
            "timeouts": null,
            "user_data": null,
            "user_data_base64": null,
            "volume_tags": null,
            "vpc_security_group_ids": [
              "sg-0dea023a6ada2b712"
            ]
          },
          "sensitive_attributes": [],
          "private": "eyJlMmJmYjczMC1lY2FhLTExZTYtOGY4OC0zNDM2M2JjN2M0YzAiOnsiY3JlYXRlIjo2MDAwMDAwMDAwMDAsImRlbGV0ZSI6MTIwMDAwMDAwMDAwMCwidXBkYXRlIjo2MDAwMDAwMDAwMDB9LCJzY2hlbWFfdmVyc2lvbiI6IjEifQ==",
          "dependencies": [
            "aws_security_group.final-sg-pub-bastion",
            "aws_subnet.final-sub-pub-c",
            "aws_vpc.final-vpc",
            "data.aws_ami.amzn"
          ]
        }
      ]
    },
    {
      "mode": "managed",
      "type": "aws_internet_gateway",
      "name": "final-igw",
      "provider": "provider[\"registry.terraform.io/hashicorp/aws\"]",
      "instances": [
        {
          "schema_version": 0,
          "attributes": {
            "arn": "arn:aws:ec2:ap-northeast-2:874623496211:internet-gateway/igw-0d0a245dc4c8ad518",
            "id": "igw-0d0a245dc4c8ad518",
            "owner_id": "874623496211",
            "tags": {
              "Name": "final-igw"
            },
            "tags_all": {
              "Name": "final-igw"
            },
            "vpc_id": "vpc-020764b529a49f97c"
          },
          "sensitive_attributes": [],
          "private": "bnVsbA==",
          "dependencies": [
            "aws_vpc.final-vpc"
          ]
        }
      ]
    },
    {
      "mode": "managed",
      "type": "aws_key_pair",
      "name": "final_key",
      "provider": "provider[\"registry.terraform.io/hashicorp/aws\"]",
      "instances": [
        {
          "schema_version": 1,
          "attributes": {
            "arn": "arn:aws:ec2:ap-northeast-2:874623496211:key-pair/final-key",
            "fingerprint": "25:ad:a6:3c:5f:15:db:fe:05:a8:7c:00:0c:0e:13:eb",
            "id": "final-key",
            "key_name": "final-key",
            "key_name_prefix": "",
            "key_pair_id": "key-0a407db7718785a99",
            "public_key": "ssh-rsa AAAAB3NzaC1yc2EAAAADAQABAAABAQC23XU/5YdPWf+mN7gmJyeC4BVNGMYWDgBl1Jiqgcv1gnoGc4FN24b84JQb35vJCOivPs6f462j189gRyMc+7hu10Vko3oZHiz2ZRpN+USi+K/ILxR4An8fP3vmm3jxY5cbmjnQNia7+zb+6d5lrkaTVF5un4o9QfdF8qsk4M0wRZBNBTkVltVbsgRmpDpI73jK4r3E9OS8mmsDQ3Arbvbb4D49ms6zLehJqJcCV+rR71vwQB11nc/KECm8JSoyYfQkO0RJ+04suuolqJ5XAa8UVWrzg5hV2BsH3PKRZ61KyIumTp692hEKNo9X5By2+UYhhV4geQ8iHaGF0akiWb6D",
            "tags": {},
            "tags_all": {}
          },
          "sensitive_attributes": [],
          "private": "eyJzY2hlbWFfdmVyc2lvbiI6IjEifQ=="
        }
      ]
    },
    {
      "mode": "managed",
      "type": "aws_launch_configuration",
      "name": "final-was-lacf",
      "provider": "provider[\"registry.terraform.io/hashicorp/aws\"]",
      "instances": [
        {
          "schema_version": 0,
          "attributes": {
            "arn": "arn:aws:autoscaling:ap-northeast-2:874623496211:launchConfiguration:85d01da6-a464-4f8b-9180-c8ec6ad7408e:launchConfigurationName/final-was-lacf",
            "associate_public_ip_address": false,
            "ebs_block_device": [],
            "ebs_optimized": false,
            "enable_monitoring": true,
            "ephemeral_block_device": [],
            "iam_instance_profile": "admin_role",
            "id": "final-was-lacf",
            "image_id": "ami-0e2dd732e07c3a8fd",
            "instance_type": "t3.medium",
            "key_name": "final-key",
            "metadata_options": [],
            "name": "final-was-lacf",
            "name_prefix": "",
            "placement_tenancy": null,
            "root_block_device": [],
            "security_groups": [
              "sg-069d3b98fdaa138f4"
            ],
            "spot_price": "",
            "user_data": "2798ebd1e137ac91dc7946b7fa71416b0de0639c",
            "user_data_base64": null,
            "vpc_classic_link_id": "",
            "vpc_classic_link_security_groups": []
          },
          "sensitive_attributes": [],
          "private": "bnVsbA==",
          "dependencies": [
            "aws_ami_from_instance.final-control-ami",
            "aws_instance.final-ec2-pub-bastion",
            "aws_security_group.final-sg-pri-was",
            "aws_security_group.final-sg-pub-bastion",
            "aws_subnet.final-sub-pub-a",
            "aws_vpc.final-vpc",
            "data.aws_ami.amzn"
          ]
        }
      ]
    },
    {
      "mode": "managed",
      "type": "aws_launch_configuration",
      "name": "final-web-lacf",
      "provider": "provider[\"registry.terraform.io/hashicorp/aws\"]",
      "instances": [
        {
          "schema_version": 0,
          "attributes": {
            "arn": "arn:aws:autoscaling:ap-northeast-2:874623496211:launchConfiguration:9c3ea007-d330-4985-99d9-17c722f82e3d:launchConfigurationName/final-web-lacf",
            "associate_public_ip_address": false,
            "ebs_block_device": [],
            "ebs_optimized": false,
            "enable_monitoring": true,
            "ephemeral_block_device": [],
            "iam_instance_profile": "admin_role",
            "id": "final-web-lacf",
            "image_id": "ami-0e2dd732e07c3a8fd",
            "instance_type": "t3.micro",
            "key_name": "final-key",
            "metadata_options": [],
            "name": "final-web-lacf",
            "name_prefix": "",
            "placement_tenancy": null,
            "root_block_device": [],
            "security_groups": [
              "sg-042c598240ee44395"
            ],
            "spot_price": "",
            "user_data": "b78e4543aec89fdec853749a1f7c47eb4bb491c9",
            "user_data_base64": null,
            "vpc_classic_link_id": "",
            "vpc_classic_link_security_groups": []
          },
          "sensitive_attributes": [],
          "private": "bnVsbA==",
          "dependencies": [
            "aws_ami_from_instance.final-control-ami",
            "aws_lb.final-nlb-was",
            "aws_subnet.final-sub-pri-c-web",
            "aws_subnet.final-sub-pub-a",
            "data.aws_ami.amzn",
            "aws_instance.final-ec2-pub-bastion",
            "aws_security_group.final-sg-pri-web",
            "aws_security_group.final-sg-pub-bastion",
            "aws_subnet.final-sub-pri-a-web",
            "aws_vpc.final-vpc"
          ]
        }
      ]
    },
    {
      "mode": "managed",
      "type": "aws_lb",
      "name": "final-alb-web",
      "provider": "provider[\"registry.terraform.io/hashicorp/aws\"]",
      "instances": [
        {
          "schema_version": 0,
          "attributes": {
            "access_logs": [
              {
                "bucket": "",
                "enabled": false,
                "prefix": ""
              }
            ],
            "arn": "arn:aws:elasticloadbalancing:ap-northeast-2:874623496211:loadbalancer/app/final-alb-web/da3d057a02a728e0",
            "arn_suffix": "app/final-alb-web/da3d057a02a728e0",
            "customer_owned_ipv4_pool": "",
            "desync_mitigation_mode": "defensive",
            "dns_name": "final-alb-web-251404750.ap-northeast-2.elb.amazonaws.com",
            "drop_invalid_header_fields": false,
            "enable_cross_zone_load_balancing": null,
            "enable_deletion_protection": false,
            "enable_http2": true,
            "enable_waf_fail_open": false,
            "id": "arn:aws:elasticloadbalancing:ap-northeast-2:874623496211:loadbalancer/app/final-alb-web/da3d057a02a728e0",
            "idle_timeout": 60,
            "internal": false,
            "ip_address_type": "ipv4",
            "load_balancer_type": "application",
            "name": "final-alb-web",
            "name_prefix": null,
            "security_groups": [
              "sg-08d06cba3102dfc0b"
            ],
            "subnet_mapping": [
              {
                "allocation_id": "",
                "ipv6_address": "",
                "outpost_id": "",
                "private_ipv4_address": "",
                "subnet_id": "subnet-0790a8212bd940af5"
              },
              {
                "allocation_id": "",
                "ipv6_address": "",
                "outpost_id": "",
                "private_ipv4_address": "",
                "subnet_id": "subnet-097a671ad1a4cf2ac"
              }
            ],
            "subnets": [
              "subnet-0790a8212bd940af5",
              "subnet-097a671ad1a4cf2ac"
            ],
            "tags": {
              "Name": "final-alb-web"
            },
            "tags_all": {
              "Name": "final-alb-web"
            },
            "timeouts": null,
            "vpc_id": "vpc-020764b529a49f97c",
            "zone_id": "ZWKZPGTI48KDX"
          },
          "sensitive_attributes": [],
          "private": "eyJlMmJmYjczMC1lY2FhLTExZTYtOGY4OC0zNDM2M2JjN2M0YzAiOnsiY3JlYXRlIjo2MDAwMDAwMDAwMDAsImRlbGV0ZSI6NjAwMDAwMDAwMDAwLCJ1cGRhdGUiOjYwMDAwMDAwMDAwMH19",
          "dependencies": [
            "aws_vpc.final-vpc",
            "aws_security_group.final-sg-alb-web",
            "aws_subnet.final-sub-pub-a",
            "aws_subnet.final-sub-pub-c"
          ]
        }
      ]
    },
    {
      "mode": "managed",
      "type": "aws_lb",
      "name": "final-nlb-was",
      "provider": "provider[\"registry.terraform.io/hashicorp/aws\"]",
      "instances": [
        {
          "schema_version": 0,
          "attributes": {
            "access_logs": [
              {
                "bucket": "",
                "enabled": false,
                "prefix": ""
              }
            ],
            "arn": "arn:aws:elasticloadbalancing:ap-northeast-2:874623496211:loadbalancer/net/final-nlb-was/30e3d4c2c0c52d94",
            "arn_suffix": "net/final-nlb-was/30e3d4c2c0c52d94",
            "customer_owned_ipv4_pool": "",
            "desync_mitigation_mode": null,
            "dns_name": "final-nlb-was-30e3d4c2c0c52d94.elb.ap-northeast-2.amazonaws.com",
            "drop_invalid_header_fields": null,
            "enable_cross_zone_load_balancing": false,
            "enable_deletion_protection": false,
            "enable_http2": null,
            "enable_waf_fail_open": null,
            "id": "arn:aws:elasticloadbalancing:ap-northeast-2:874623496211:loadbalancer/net/final-nlb-was/30e3d4c2c0c52d94",
            "idle_timeout": null,
            "internal": true,
            "ip_address_type": "ipv4",
            "load_balancer_type": "network",
            "name": "final-nlb-was",
            "name_prefix": null,
            "security_groups": [],
            "subnet_mapping": [
              {
                "allocation_id": "",
                "ipv6_address": "",
                "outpost_id": "",
                "private_ipv4_address": "",
                "subnet_id": "subnet-019f0270a4c94945d"
              },
              {
                "allocation_id": "",
                "ipv6_address": "",
                "outpost_id": "",
                "private_ipv4_address": "",
                "subnet_id": "subnet-082d710be4c731e37"
              }
            ],
            "subnets": [
              "subnet-019f0270a4c94945d",
              "subnet-082d710be4c731e37"
            ],
            "tags": {
              "Name": "final-nlb-was"
            },
            "tags_all": {
              "Name": "final-nlb-was"
            },
            "timeouts": null,
            "vpc_id": "vpc-020764b529a49f97c",
            "zone_id": "ZIBE1TIR4HY56"
          },
          "sensitive_attributes": [],
          "private": "eyJlMmJmYjczMC1lY2FhLTExZTYtOGY4OC0zNDM2M2JjN2M0YzAiOnsiY3JlYXRlIjo2MDAwMDAwMDAwMDAsImRlbGV0ZSI6NjAwMDAwMDAwMDAwLCJ1cGRhdGUiOjYwMDAwMDAwMDAwMH19",
          "dependencies": [
            "aws_vpc.final-vpc",
            "aws_subnet.final-sub-pri-a-web",
            "aws_subnet.final-sub-pri-c-web"
          ]
        }
      ]
    },
    {
      "mode": "managed",
      "type": "aws_lb_listener",
      "name": "final-alt-web",
      "provider": "provider[\"registry.terraform.io/hashicorp/aws\"]",
      "instances": [
        {
          "schema_version": 0,
          "attributes": {
            "alpn_policy": null,
            "arn": "arn:aws:elasticloadbalancing:ap-northeast-2:874623496211:listener/app/final-alb-web/da3d057a02a728e0/d820fa46d2ae2e7b",
            "certificate_arn": null,
            "default_action": [
              {
                "authenticate_cognito": [],
                "authenticate_oidc": [],
                "fixed_response": [],
                "forward": [],
                "order": 1,
                "redirect": [],
                "target_group_arn": "arn:aws:elasticloadbalancing:ap-northeast-2:874623496211:targetgroup/final-atg-web/56f29d72ac456091",
                "type": "forward"
              }
            ],
            "id": "arn:aws:elasticloadbalancing:ap-northeast-2:874623496211:listener/app/final-alb-web/da3d057a02a728e0/d820fa46d2ae2e7b",
            "load_balancer_arn": "arn:aws:elasticloadbalancing:ap-northeast-2:874623496211:loadbalancer/app/final-alb-web/da3d057a02a728e0",
            "port": 80,
            "protocol": "HTTP",
            "ssl_policy": "",
            "tags": {},
            "tags_all": {},
            "timeouts": null
          },
          "sensitive_attributes": [],
          "private": "eyJlMmJmYjczMC1lY2FhLTExZTYtOGY4OC0zNDM2M2JjN2M0YzAiOnsicmVhZCI6NjAwMDAwMDAwMDAwfX0=",
          "dependencies": [
            "aws_security_group.final-sg-alb-web",
            "aws_subnet.final-sub-pub-a",
            "aws_subnet.final-sub-pub-c",
            "aws_vpc.final-vpc",
            "aws_lb.final-alb-web",
            "aws_lb_target_group.final-atg-web"
          ]
        }
      ]
    },
    {
      "mode": "managed",
      "type": "aws_lb_listener",
      "name": "final-nlt-was",
      "provider": "provider[\"registry.terraform.io/hashicorp/aws\"]",
      "instances": [
        {
          "schema_version": 0,
          "attributes": {
            "alpn_policy": null,
            "arn": "arn:aws:elasticloadbalancing:ap-northeast-2:874623496211:listener/net/final-nlb-was/30e3d4c2c0c52d94/c2654c587c19ecd4",
            "certificate_arn": null,
            "default_action": [
              {
                "authenticate_cognito": [],
                "authenticate_oidc": [],
                "fixed_response": [],
                "forward": [],
                "order": 1,
                "redirect": [],
                "target_group_arn": "arn:aws:elasticloadbalancing:ap-northeast-2:874623496211:targetgroup/final-ntg-was/5da8fb2f0722d2aa",
                "type": "forward"
              }
            ],
            "id": "arn:aws:elasticloadbalancing:ap-northeast-2:874623496211:listener/net/final-nlb-was/30e3d4c2c0c52d94/c2654c587c19ecd4",
            "load_balancer_arn": "arn:aws:elasticloadbalancing:ap-northeast-2:874623496211:loadbalancer/net/final-nlb-was/30e3d4c2c0c52d94",
            "port": 8080,
            "protocol": "TCP",
            "ssl_policy": "",
            "tags": {},
            "tags_all": {},
            "timeouts": null
          },
          "sensitive_attributes": [],
          "private": "eyJlMmJmYjczMC1lY2FhLTExZTYtOGY4OC0zNDM2M2JjN2M0YzAiOnsicmVhZCI6NjAwMDAwMDAwMDAwfX0=",
          "dependencies": [
            "aws_lb.final-nlb-was",
            "aws_lb_target_group.final-ntg-was",
            "aws_subnet.final-sub-pri-a-web",
            "aws_subnet.final-sub-pri-c-web",
            "aws_vpc.final-vpc"
          ]
        }
      ]
    },
    {
      "mode": "managed",
      "type": "aws_lb_target_group",
      "name": "final-atg-web",
      "provider": "provider[\"registry.terraform.io/hashicorp/aws\"]",
      "instances": [
        {
          "schema_version": 0,
          "attributes": {
            "arn": "arn:aws:elasticloadbalancing:ap-northeast-2:874623496211:targetgroup/final-atg-web/56f29d72ac456091",
            "arn_suffix": "targetgroup/final-atg-web/56f29d72ac456091",
            "connection_termination": false,
            "deregistration_delay": "300",
            "health_check": [
              {
                "enabled": true,
                "healthy_threshold": 3,
                "interval": 5,
                "matcher": "200",
                "path": "/",
                "port": "traffic-port",
                "protocol": "HTTP",
                "timeout": 2,
                "unhealthy_threshold": 2
              }
            ],
            "id": "arn:aws:elasticloadbalancing:ap-northeast-2:874623496211:targetgroup/final-atg-web/56f29d72ac456091",
            "lambda_multi_value_headers_enabled": false,
            "load_balancing_algorithm_type": "round_robin",
            "name": "final-atg-web",
            "name_prefix": null,
            "port": 80,
            "preserve_client_ip": null,
            "protocol": "HTTP",
            "protocol_version": "HTTP1",
            "proxy_protocol_v2": false,
            "slow_start": 0,
            "stickiness": [
              {
                "cookie_duration": 86400,
                "cookie_name": "",
                "enabled": false,
                "type": "lb_cookie"
              }
            ],
            "tags": {
              "Name": "final-atg-web"
            },
            "tags_all": {
              "Name": "final-atg-web"
            },
            "target_type": "instance",
            "vpc_id": "vpc-020764b529a49f97c"
          },
          "sensitive_attributes": [],
          "private": "bnVsbA==",
          "dependencies": [
            "aws_vpc.final-vpc"
          ]
        }
      ]
    },
    {
      "mode": "managed",
      "type": "aws_lb_target_group",
      "name": "final-ntg-was",
      "provider": "provider[\"registry.terraform.io/hashicorp/aws\"]",
      "instances": [
        {
          "schema_version": 0,
          "attributes": {
            "arn": "arn:aws:elasticloadbalancing:ap-northeast-2:874623496211:targetgroup/final-ntg-was/5da8fb2f0722d2aa",
            "arn_suffix": "targetgroup/final-ntg-was/5da8fb2f0722d2aa",
            "connection_termination": false,
            "deregistration_delay": "300",
            "health_check": [
              {
                "enabled": true,
                "healthy_threshold": 3,
                "interval": 30,
                "matcher": "",
                "path": "",
                "port": "traffic-port",
                "protocol": "TCP",
                "timeout": 10,
                "unhealthy_threshold": 3
              }
            ],
            "id": "arn:aws:elasticloadbalancing:ap-northeast-2:874623496211:targetgroup/final-ntg-was/5da8fb2f0722d2aa",
            "lambda_multi_value_headers_enabled": false,
            "load_balancing_algorithm_type": null,
            "name": "final-ntg-was",
            "name_prefix": null,
            "port": 8080,
            "preserve_client_ip": "true",
            "protocol": "TCP",
            "protocol_version": null,
            "proxy_protocol_v2": false,
            "slow_start": 0,
            "stickiness": [
              {
                "cookie_duration": 0,
                "cookie_name": "",
                "enabled": false,
                "type": "source_ip"
              }
            ],
            "tags": {
              "Name": "final-ntg-was"
            },
            "tags_all": {
              "Name": "final-ntg-was"
            },
            "target_type": "instance",
            "vpc_id": "vpc-020764b529a49f97c"
          },
          "sensitive_attributes": [],
          "private": "bnVsbA==",
          "dependencies": [
            "aws_vpc.final-vpc"
          ]
        }
      ]
    },
    {
      "mode": "managed",
      "type": "aws_nat_gateway",
      "name": "final-ngw",
      "provider": "provider[\"registry.terraform.io/hashicorp/aws\"]",
      "instances": [
        {
          "schema_version": 0,
          "attributes": {
            "allocation_id": "eipalloc-0268bd8adb012f043",
            "connectivity_type": "public",
            "id": "nat-030f7d11c286676c4",
            "network_interface_id": "eni-0542f0a2beacbc5d8",
            "private_ip": "10.0.1.101",
            "public_ip": "3.38.0.200",
            "subnet_id": "subnet-097a671ad1a4cf2ac",
            "tags": {
              "Name": "final-ngw"
            },
            "tags_all": {
              "Name": "final-ngw"
            }
          },
          "sensitive_attributes": [],
          "private": "bnVsbA==",
          "dependencies": [
            "aws_eip.final-nip",
            "aws_subnet.final-sub-pub-a",
            "aws_vpc.final-vpc"
          ]
        }
      ]
    },
    {
      "mode": "managed",
      "type": "aws_route",
      "name": "final-pri-webwas",
      "provider": "provider[\"registry.terraform.io/hashicorp/aws\"]",
      "instances": [
        {
          "schema_version": 0,
          "attributes": {
            "carrier_gateway_id": "",
            "destination_cidr_block": "0.0.0.0/0",
            "destination_ipv6_cidr_block": "",
            "destination_prefix_list_id": "",
            "egress_only_gateway_id": "",
            "gateway_id": "",
            "id": "r-rtb-026e85d90abe2973d1080289494",
            "instance_id": "",
            "instance_owner_id": "",
            "local_gateway_id": "",
            "nat_gateway_id": "nat-030f7d11c286676c4",
            "network_interface_id": "",
            "origin": "CreateRoute",
            "route_table_id": "rtb-026e85d90abe2973d",
            "state": "active",
            "timeouts": null,
            "transit_gateway_id": "",
            "vpc_endpoint_id": "",
            "vpc_peering_connection_id": ""
          },
          "sensitive_attributes": [],
          "private": "eyJlMmJmYjczMC1lY2FhLTExZTYtOGY4OC0zNDM2M2JjN2M0YzAiOnsiY3JlYXRlIjozMDAwMDAwMDAwMDAsImRlbGV0ZSI6MzAwMDAwMDAwMDAwLCJ1cGRhdGUiOjEyMDAwMDAwMDAwMH19",
          "dependencies": [
            "aws_eip.final-nip",
            "aws_nat_gateway.final-ngw",
            "aws_route_table.final-rt-pri-webwas",
            "aws_subnet.final-sub-pub-a",
            "aws_vpc.final-vpc"
          ]
        }
      ]
    },
    {
      "mode": "managed",
      "type": "aws_route_table",
      "name": "final-rt-pri-webwas",
      "provider": "provider[\"registry.terraform.io/hashicorp/aws\"]",
      "instances": [
        {
          "schema_version": 0,
          "attributes": {
            "arn": "arn:aws:ec2:ap-northeast-2:874623496211:route-table/rtb-026e85d90abe2973d",
            "id": "rtb-026e85d90abe2973d",
            "owner_id": "874623496211",
            "propagating_vgws": [],
            "route": [
              {
                "carrier_gateway_id": "",
                "cidr_block": "0.0.0.0/0",
                "destination_prefix_list_id": "",
                "egress_only_gateway_id": "",
                "gateway_id": "",
                "instance_id": "",
                "ipv6_cidr_block": "",
                "local_gateway_id": "",
                "nat_gateway_id": "nat-030f7d11c286676c4",
                "network_interface_id": "",
                "transit_gateway_id": "",
                "vpc_endpoint_id": "",
                "vpc_peering_connection_id": ""
              }
            ],
            "tags": {
              "Name": "final-rt-pri-web"
            },
            "tags_all": {
              "Name": "final-rt-pri-web"
            },
            "timeouts": null,
            "vpc_id": "vpc-020764b529a49f97c"
          },
          "sensitive_attributes": [],
          "private": "eyJlMmJmYjczMC1lY2FhLTExZTYtOGY4OC0zNDM2M2JjN2M0YzAiOnsiY3JlYXRlIjozMDAwMDAwMDAwMDAsImRlbGV0ZSI6MzAwMDAwMDAwMDAwLCJ1cGRhdGUiOjEyMDAwMDAwMDAwMH19",
          "dependencies": [
            "aws_vpc.final-vpc"
          ]
        }
      ]
    },
    {
      "mode": "managed",
      "type": "aws_route_table",
      "name": "final-rt-pub",
      "provider": "provider[\"registry.terraform.io/hashicorp/aws\"]",
      "instances": [
        {
          "schema_version": 0,
          "attributes": {
            "arn": "arn:aws:ec2:ap-northeast-2:874623496211:route-table/rtb-091ff02d089ee45c0",
            "id": "rtb-091ff02d089ee45c0",
            "owner_id": "874623496211",
            "propagating_vgws": [],
            "route": [
              {
                "carrier_gateway_id": "",
                "cidr_block": "0.0.0.0/0",
                "destination_prefix_list_id": "",
                "egress_only_gateway_id": "",
                "gateway_id": "igw-0d0a245dc4c8ad518",
                "instance_id": "",
                "ipv6_cidr_block": "",
                "local_gateway_id": "",
                "nat_gateway_id": "",
                "network_interface_id": "",
                "transit_gateway_id": "",
                "vpc_endpoint_id": "",
                "vpc_peering_connection_id": ""
              }
            ],
            "tags": {
              "Name": "final-rt-pub"
            },
            "tags_all": {
              "Name": "final-rt-pub"
            },
            "timeouts": null,
            "vpc_id": "vpc-020764b529a49f97c"
          },
          "sensitive_attributes": [],
          "private": "eyJlMmJmYjczMC1lY2FhLTExZTYtOGY4OC0zNDM2M2JjN2M0YzAiOnsiY3JlYXRlIjozMDAwMDAwMDAwMDAsImRlbGV0ZSI6MzAwMDAwMDAwMDAwLCJ1cGRhdGUiOjEyMDAwMDAwMDAwMH19",
          "dependencies": [
            "aws_vpc.final-vpc",
            "aws_internet_gateway.final-igw"
          ]
        }
      ]
    },
    {
      "mode": "managed",
      "type": "aws_route_table_association",
      "name": "final-rt-pri-a-was",
      "provider": "provider[\"registry.terraform.io/hashicorp/aws\"]",
      "instances": [
        {
          "schema_version": 0,
          "attributes": {
            "gateway_id": "",
            "id": "rtbassoc-043b1891871570d86",
            "route_table_id": "rtb-026e85d90abe2973d",
            "subnet_id": "subnet-065c6d6be927e689f"
          },
          "sensitive_attributes": [],
          "private": "bnVsbA==",
          "dependencies": [
            "aws_route_table.final-rt-pri-webwas",
            "aws_subnet.final-sub-pri-a-was",
            "aws_vpc.final-vpc"
          ]
        }
      ]
    },
    {
      "mode": "managed",
      "type": "aws_route_table_association",
      "name": "final-rt-pri-c-was",
      "provider": "provider[\"registry.terraform.io/hashicorp/aws\"]",
      "instances": [
        {
          "schema_version": 0,
          "attributes": {
            "gateway_id": "",
            "id": "rtbassoc-0bbeb2211d8b20ebb",
            "route_table_id": "rtb-026e85d90abe2973d",
            "subnet_id": "subnet-04b2766ad1f0f94e5"
          },
          "sensitive_attributes": [],
          "private": "bnVsbA==",
          "dependencies": [
            "aws_route_table.final-rt-pri-webwas",
            "aws_subnet.final-sub-pri-c-was",
            "aws_vpc.final-vpc"
          ]
        }
      ]
    },
    {
      "mode": "managed",
      "type": "aws_route_table_association",
      "name": "final-rtass-pri-a-web",
      "provider": "provider[\"registry.terraform.io/hashicorp/aws\"]",
      "instances": [
        {
          "schema_version": 0,
          "attributes": {
            "gateway_id": "",
            "id": "rtbassoc-098821f9c37baf18a",
            "route_table_id": "rtb-026e85d90abe2973d",
            "subnet_id": "subnet-019f0270a4c94945d"
          },
          "sensitive_attributes": [],
          "private": "bnVsbA==",
          "dependencies": [
            "aws_route_table.final-rt-pri-webwas",
            "aws_subnet.final-sub-pri-a-web",
            "aws_vpc.final-vpc"
          ]
        }
      ]
    },
    {
      "mode": "managed",
      "type": "aws_route_table_association",
      "name": "final-rtass-pri-c-web",
      "provider": "provider[\"registry.terraform.io/hashicorp/aws\"]",
      "instances": [
        {
          "schema_version": 0,
          "attributes": {
            "gateway_id": "",
            "id": "rtbassoc-0522a5e3418d0a0c6",
            "route_table_id": "rtb-026e85d90abe2973d",
            "subnet_id": "subnet-082d710be4c731e37"
          },
          "sensitive_attributes": [],
          "private": "bnVsbA==",
          "dependencies": [
            "aws_subnet.final-sub-pri-c-web",
            "aws_vpc.final-vpc",
            "aws_route_table.final-rt-pri-webwas"
          ]
        }
      ]
    },
    {
      "mode": "managed",
      "type": "aws_route_table_association",
      "name": "final-rtass-pub-a",
      "provider": "provider[\"registry.terraform.io/hashicorp/aws\"]",
      "instances": [
        {
          "schema_version": 0,
          "attributes": {
            "gateway_id": "",
            "id": "rtbassoc-08668bb4dc57d1ec1",
            "route_table_id": "rtb-091ff02d089ee45c0",
            "subnet_id": "subnet-097a671ad1a4cf2ac"
          },
          "sensitive_attributes": [],
          "private": "bnVsbA==",
          "dependencies": [
            "aws_internet_gateway.final-igw",
            "aws_route_table.final-rt-pub",
            "aws_subnet.final-sub-pub-a",
            "aws_vpc.final-vpc"
          ]
        }
      ]
    },
    {
      "mode": "managed",
      "type": "aws_route_table_association",
      "name": "final-rtass-pub-c",
      "provider": "provider[\"registry.terraform.io/hashicorp/aws\"]",
      "instances": [
        {
          "schema_version": 0,
          "attributes": {
            "gateway_id": "",
            "id": "rtbassoc-096be1e2d58d0d49c",
            "route_table_id": "rtb-091ff02d089ee45c0",
            "subnet_id": "subnet-0790a8212bd940af5"
          },
          "sensitive_attributes": [],
          "private": "bnVsbA==",
          "dependencies": [
            "aws_internet_gateway.final-igw",
            "aws_route_table.final-rt-pub",
            "aws_subnet.final-sub-pub-c",
            "aws_vpc.final-vpc"
          ]
        }
      ]
    },
    {
      "mode": "managed",
      "type": "aws_s3_access_point",
      "name": "final-s3-access-point",
      "provider": "provider[\"registry.terraform.io/hashicorp/aws\"]",
      "instances": [
        {
          "schema_version": 0,
          "attributes": {
            "account_id": "874623496211",
            "alias": "final-s3-access-poin-xm7dekaurge9o46rq5uhiuqreckqwapn2b-s3alias",
            "arn": "arn:aws:s3:ap-northeast-2:874623496211:accesspoint/final-s3-access-point",
            "bucket": "final-s3-961118",
            "domain_name": "final-s3-access-point-874623496211.s3-accesspoint.ap-northeast-2.amazonaws.com",
            "endpoints": {
              "dualstack": "s3-accesspoint.dualstack.ap-northeast-2.amazonaws.com",
              "ipv4": "s3-accesspoint.ap-northeast-2.amazonaws.com"
            },
            "has_public_access_policy": false,
            "id": "874623496211:final-s3-access-point",
            "name": "final-s3-access-point",
            "network_origin": "Internet",
            "policy": "",
            "public_access_block_configuration": [
              {
                "block_public_acls": true,
                "block_public_policy": true,
                "ignore_public_acls": true,
                "restrict_public_buckets": true
              }
            ],
            "vpc_configuration": []
          },
          "sensitive_attributes": [],
          "private": "bnVsbA==",
          "dependencies": [
            "aws_s3_bucket.final-s3-961118"
          ]
        }
      ]
    },
    {
      "mode": "managed",
      "type": "aws_s3_bucket",
      "name": "final-s3-961118",
      "provider": "provider[\"registry.terraform.io/hashicorp/aws\"]",
      "instances": [
        {
          "schema_version": 0,
          "attributes": {
            "acceleration_status": "",
            "acl": "private",
            "arn": "arn:aws:s3:::final-s3-961118",
            "bucket": "final-s3-961118",
            "bucket_domain_name": "final-s3-961118.s3.amazonaws.com",
            "bucket_prefix": null,
            "bucket_regional_domain_name": "final-s3-961118.s3.ap-northeast-2.amazonaws.com",
            "cors_rule": [],
            "force_destroy": false,
            "grant": [],
            "hosted_zone_id": "Z3W03O7B5YMIYP",
            "id": "final-s3-961118",
            "lifecycle_rule": [],
            "logging": [],
            "object_lock_configuration": [],
            "policy": null,
            "region": "ap-northeast-2",
            "replication_configuration": [],
            "request_payer": "BucketOwner",
            "server_side_encryption_configuration": [],
            "tags": {
              "Environment": "Dev",
              "Name": "final-s3-961118"
            },
            "tags_all": {
              "Environment": "Dev",
              "Name": "final-s3-961118"
            },
            "versioning": [
              {
                "enabled": false,
                "mfa_delete": false
              }
            ],
            "website": [],
            "website_domain": null,
            "website_endpoint": null
          },
          "sensitive_attributes": [],
          "private": "bnVsbA=="
        }
      ]
    },
    {
      "mode": "managed",
      "type": "aws_security_group",
      "name": "final-sg-alb-web",
      "provider": "provider[\"registry.terraform.io/hashicorp/aws\"]",
      "instances": [
        {
          "schema_version": 1,
          "attributes": {
            "arn": "arn:aws:ec2:ap-northeast-2:874623496211:security-group/sg-08d06cba3102dfc0b",
            "description": "final-sg-alb-web",
            "egress": [
              {
                "cidr_blocks": [
                  "0.0.0.0/0"
                ],
                "description": "",
                "from_port": 0,
                "ipv6_cidr_blocks": [],
                "prefix_list_ids": [],
                "protocol": "-1",
                "security_groups": [],
                "self": false,
                "to_port": 0
              }
            ],
            "id": "sg-08d06cba3102dfc0b",
            "ingress": [
              {
                "cidr_blocks": [
                  "0.0.0.0/0"
                ],
                "description": "",
                "from_port": 22,
                "ipv6_cidr_blocks": [],
                "prefix_list_ids": [],
                "protocol": "tcp",
                "security_groups": [],
                "self": false,
                "to_port": 22
              },
              {
                "cidr_blocks": [
                  "0.0.0.0/0"
                ],
                "description": "",
                "from_port": 80,
                "ipv6_cidr_blocks": [],
                "prefix_list_ids": [],
                "protocol": "tcp",
                "security_groups": [],
                "self": false,
                "to_port": 80
              }
            ],
            "name": "final-sg-alb-web",
            "name_prefix": "",
            "owner_id": "874623496211",
            "revoke_rules_on_delete": false,
            "tags": {
              "Name": "final-sg-alb-web"
            },
            "tags_all": {
              "Name": "final-sg-alb-web"
            },
            "timeouts": null,
            "vpc_id": "vpc-020764b529a49f97c"
          },
          "sensitive_attributes": [],
          "private": "eyJlMmJmYjczMC1lY2FhLTExZTYtOGY4OC0zNDM2M2JjN2M0YzAiOnsiY3JlYXRlIjo2MDAwMDAwMDAwMDAsImRlbGV0ZSI6OTAwMDAwMDAwMDAwfSwic2NoZW1hX3ZlcnNpb24iOiIxIn0=",
          "dependencies": [
            "aws_vpc.final-vpc"
          ]
        }
      ]
    },
    {
      "mode": "managed",
      "type": "aws_security_group",
      "name": "final-sg-pri-db",
      "provider": "provider[\"registry.terraform.io/hashicorp/aws\"]",
      "instances": [
        {
          "schema_version": 1,
          "attributes": {
            "arn": "arn:aws:ec2:ap-northeast-2:874623496211:security-group/sg-095f901173c3f645b",
            "description": "final-sg-pri-db",
            "egress": [
              {
                "cidr_blocks": [
                  "0.0.0.0/0"
                ],
                "description": "",
                "from_port": 0,
                "ipv6_cidr_blocks": [],
                "prefix_list_ids": [],
                "protocol": "-1",
                "security_groups": [],
                "self": false,
                "to_port": 0
              }
            ],
            "id": "sg-095f901173c3f645b",
            "ingress": [
              {
                "cidr_blocks": [
                  "0.0.0.0/0"
                ],
                "description": "",
                "from_port": 3306,
                "ipv6_cidr_blocks": [],
                "prefix_list_ids": [],
                "protocol": "tcp",
                "security_groups": [],
                "self": false,
                "to_port": 3306
              },
              {
                "cidr_blocks": [],
                "description": "",
                "from_port": 22,
                "ipv6_cidr_blocks": [],
                "prefix_list_ids": [],
                "protocol": "tcp",
                "security_groups": [
                  "sg-0dea023a6ada2b712"
                ],
                "self": false,
                "to_port": 22
              }
            ],
            "name": "final-sg-pri-db",
            "name_prefix": "",
            "owner_id": "874623496211",
            "revoke_rules_on_delete": false,
            "tags": {
              "Name": "final-sg-pri-db"
            },
            "tags_all": {
              "Name": "final-sg-pri-db"
            },
            "timeouts": null,
            "vpc_id": "vpc-020764b529a49f97c"
          },
          "sensitive_attributes": [],
          "private": "eyJlMmJmYjczMC1lY2FhLTExZTYtOGY4OC0zNDM2M2JjN2M0YzAiOnsiY3JlYXRlIjo2MDAwMDAwMDAwMDAsImRlbGV0ZSI6OTAwMDAwMDAwMDAwfSwic2NoZW1hX3ZlcnNpb24iOiIxIn0=",
          "dependencies": [
            "aws_security_group.final-sg-pub-bastion",
            "aws_vpc.final-vpc"
          ]
        }
      ]
    },
    {
      "mode": "managed",
      "type": "aws_security_group",
      "name": "final-sg-pri-was",
      "provider": "provider[\"registry.terraform.io/hashicorp/aws\"]",
      "instances": [
        {
          "schema_version": 1,
          "attributes": {
            "arn": "arn:aws:ec2:ap-northeast-2:874623496211:security-group/sg-069d3b98fdaa138f4",
            "description": "final-sg-pri-was",
            "egress": [
              {
                "cidr_blocks": [
                  "0.0.0.0/0"
                ],
                "description": "",
                "from_port": 0,
                "ipv6_cidr_blocks": [],
                "prefix_list_ids": [],
                "protocol": "-1",
                "security_groups": [],
                "self": false,
                "to_port": 0
              }
            ],
            "id": "sg-069d3b98fdaa138f4",
            "ingress": [
              {
                "cidr_blocks": [
                  "0.0.0.0/0"
                ],
                "description": "",
                "from_port": 22,
                "ipv6_cidr_blocks": [],
                "prefix_list_ids": [],
                "protocol": "tcp",
                "security_groups": [],
                "self": false,
                "to_port": 22
              },
              {
                "cidr_blocks": [
                  "0.0.0.0/0"
                ],
                "description": "",
                "from_port": 8080,
                "ipv6_cidr_blocks": [],
                "prefix_list_ids": [],
                "protocol": "tcp",
                "security_groups": [],
                "self": false,
                "to_port": 8080
              }
            ],
            "name": "final-sg-pri-was",
            "name_prefix": "",
            "owner_id": "874623496211",
            "revoke_rules_on_delete": false,
            "tags": {
              "Name": "final-sg-pri-was"
            },
            "tags_all": {
              "Name": "final-sg-pri-was"
            },
            "timeouts": null,
            "vpc_id": "vpc-020764b529a49f97c"
          },
          "sensitive_attributes": [],
          "private": "eyJlMmJmYjczMC1lY2FhLTExZTYtOGY4OC0zNDM2M2JjN2M0YzAiOnsiY3JlYXRlIjo2MDAwMDAwMDAwMDAsImRlbGV0ZSI6OTAwMDAwMDAwMDAwfSwic2NoZW1hX3ZlcnNpb24iOiIxIn0=",
          "dependencies": [
            "aws_vpc.final-vpc"
          ]
        }
      ]
    },
    {
      "mode": "managed",
      "type": "aws_security_group",
      "name": "final-sg-pri-web",
      "provider": "provider[\"registry.terraform.io/hashicorp/aws\"]",
      "instances": [
        {
          "schema_version": 1,
          "attributes": {
            "arn": "arn:aws:ec2:ap-northeast-2:874623496211:security-group/sg-042c598240ee44395",
            "description": "final-sg-pri-web",
            "egress": [
              {
                "cidr_blocks": [
                  "0.0.0.0/0"
                ],
                "description": "",
                "from_port": 0,
                "ipv6_cidr_blocks": [],
                "prefix_list_ids": [],
                "protocol": "-1",
                "security_groups": [],
                "self": false,
                "to_port": 0
              }
            ],
            "id": "sg-042c598240ee44395",
            "ingress": [
              {
                "cidr_blocks": [
                  "0.0.0.0/0"
                ],
                "description": "",
                "from_port": 22,
                "ipv6_cidr_blocks": [],
                "prefix_list_ids": [],
                "protocol": "tcp",
                "security_groups": [],
                "self": false,
                "to_port": 22
              },
              {
                "cidr_blocks": [
                  "0.0.0.0/0"
                ],
                "description": "",
                "from_port": 80,
                "ipv6_cidr_blocks": [],
                "prefix_list_ids": [],
                "protocol": "tcp",
                "security_groups": [],
                "self": false,
                "to_port": 80
              }
            ],
            "name": "final-sg-pri-web",
            "name_prefix": "",
            "owner_id": "874623496211",
            "revoke_rules_on_delete": false,
            "tags": {
              "Name": "final-sg-pri-web"
            },
            "tags_all": {
              "Name": "final-sg-pri-web"
            },
            "timeouts": null,
            "vpc_id": "vpc-020764b529a49f97c"
          },
          "sensitive_attributes": [],
          "private": "eyJlMmJmYjczMC1lY2FhLTExZTYtOGY4OC0zNDM2M2JjN2M0YzAiOnsiY3JlYXRlIjo2MDAwMDAwMDAwMDAsImRlbGV0ZSI6OTAwMDAwMDAwMDAwfSwic2NoZW1hX3ZlcnNpb24iOiIxIn0=",
          "dependencies": [
            "aws_vpc.final-vpc"
          ]
        }
      ]
    },
    {
      "mode": "managed",
      "type": "aws_security_group",
      "name": "final-sg-pub-bastion",
      "provider": "provider[\"registry.terraform.io/hashicorp/aws\"]",
      "instances": [
        {
          "schema_version": 1,
          "attributes": {
            "arn": "arn:aws:ec2:ap-northeast-2:874623496211:security-group/sg-0dea023a6ada2b712",
            "description": "final-sg-pub-bastion",
            "egress": [
              {
                "cidr_blocks": [
                  "0.0.0.0/0"
                ],
                "description": "",
                "from_port": 0,
                "ipv6_cidr_blocks": [],
                "prefix_list_ids": [],
                "protocol": "-1",
                "security_groups": [],
                "self": false,
                "to_port": 0
              }
            ],
            "id": "sg-0dea023a6ada2b712",
            "ingress": [
              {
                "cidr_blocks": [
                  "0.0.0.0/0"
                ],
                "description": "",
                "from_port": 60080,
                "ipv6_cidr_blocks": [],
                "prefix_list_ids": [],
                "protocol": "tcp",
                "security_groups": [],
                "self": false,
                "to_port": 60080
              },
              {
                "cidr_blocks": [
                  "0.0.0.0/0"
                ],
                "description": null,
                "from_port": 2049,
                "ipv6_cidr_blocks": [],
                "prefix_list_ids": [],
                "protocol": "tcp",
                "security_groups": [],
                "self": false,
                "to_port": 2049
              },
              {
                "cidr_blocks": [
                  "0.0.0.0/0"
                ],
                "description": null,
                "from_port": 22,
                "ipv6_cidr_blocks": [],
                "prefix_list_ids": [],
                "protocol": "tcp",
                "security_groups": [],
                "self": false,
                "to_port": 22
              }
            ],
            "name": "final-sg-bastion",
            "name_prefix": "",
            "owner_id": "874623496211",
            "revoke_rules_on_delete": false,
            "tags": {
              "Name": "final-sg-pub-bastion"
            },
            "tags_all": {
              "Name": "final-sg-pub-bastion"
            },
            "timeouts": null,
            "vpc_id": "vpc-020764b529a49f97c"
          },
          "sensitive_attributes": [],
          "private": "eyJlMmJmYjczMC1lY2FhLTExZTYtOGY4OC0zNDM2M2JjN2M0YzAiOnsiY3JlYXRlIjo2MDAwMDAwMDAwMDAsImRlbGV0ZSI6OTAwMDAwMDAwMDAwfSwic2NoZW1hX3ZlcnNpb24iOiIxIn0=",
          "dependencies": [
            "aws_vpc.final-vpc"
          ]
        }
      ]
    },
    {
      "mode": "managed",
      "type": "aws_subnet",
      "name": "final-sub-pri-a-db",
      "provider": "provider[\"registry.terraform.io/hashicorp/aws\"]",
      "instances": [
        {
          "schema_version": 1,
          "attributes": {
            "arn": "arn:aws:ec2:ap-northeast-2:874623496211:subnet/subnet-084e396e74d92ee39",
            "assign_ipv6_address_on_creation": false,
            "availability_zone": "ap-northeast-2a",
            "availability_zone_id": "apne2-az1",
            "cidr_block": "10.0.50.0/24",
            "customer_owned_ipv4_pool": "",
            "id": "subnet-084e396e74d92ee39",
            "ipv6_cidr_block": "",
            "ipv6_cidr_block_association_id": "",
            "map_customer_owned_ip_on_launch": false,
            "map_public_ip_on_launch": false,
            "outpost_arn": "",
            "owner_id": "874623496211",
            "tags": {
              "Name": "final-sub-pri-a-db"
            },
            "tags_all": {
              "Name": "final-sub-pri-a-db"
            },
            "timeouts": null,
            "vpc_id": "vpc-020764b529a49f97c"
          },
          "sensitive_attributes": [],
          "private": "eyJlMmJmYjczMC1lY2FhLTExZTYtOGY4OC0zNDM2M2JjN2M0YzAiOnsiY3JlYXRlIjo2MDAwMDAwMDAwMDAsImRlbGV0ZSI6MTIwMDAwMDAwMDAwMH0sInNjaGVtYV92ZXJzaW9uIjoiMSJ9",
          "dependencies": [
            "aws_vpc.final-vpc"
          ]
        }
      ]
    },
    {
      "mode": "managed",
      "type": "aws_subnet",
      "name": "final-sub-pri-a-was",
      "provider": "provider[\"registry.terraform.io/hashicorp/aws\"]",
      "instances": [
        {
          "schema_version": 1,
          "attributes": {
            "arn": "arn:aws:ec2:ap-northeast-2:874623496211:subnet/subnet-065c6d6be927e689f",
            "assign_ipv6_address_on_creation": false,
            "availability_zone": "ap-northeast-2a",
            "availability_zone_id": "apne2-az1",
            "cidr_block": "10.0.30.0/24",
            "customer_owned_ipv4_pool": "",
            "id": "subnet-065c6d6be927e689f",
            "ipv6_cidr_block": "",
            "ipv6_cidr_block_association_id": "",
            "map_customer_owned_ip_on_launch": false,
            "map_public_ip_on_launch": false,
            "outpost_arn": "",
            "owner_id": "874623496211",
            "tags": {
              "Name": "final-sub-pri-a-was"
            },
            "tags_all": {
              "Name": "final-sub-pri-a-was"
            },
            "timeouts": null,
            "vpc_id": "vpc-020764b529a49f97c"
          },
          "sensitive_attributes": [],
          "private": "eyJlMmJmYjczMC1lY2FhLTExZTYtOGY4OC0zNDM2M2JjN2M0YzAiOnsiY3JlYXRlIjo2MDAwMDAwMDAwMDAsImRlbGV0ZSI6MTIwMDAwMDAwMDAwMH0sInNjaGVtYV92ZXJzaW9uIjoiMSJ9",
          "dependencies": [
            "aws_vpc.final-vpc"
          ]
        }
      ]
    },
    {
      "mode": "managed",
      "type": "aws_subnet",
      "name": "final-sub-pri-a-web",
      "provider": "provider[\"registry.terraform.io/hashicorp/aws\"]",
      "instances": [
        {
          "schema_version": 1,
          "attributes": {
            "arn": "arn:aws:ec2:ap-northeast-2:874623496211:subnet/subnet-019f0270a4c94945d",
            "assign_ipv6_address_on_creation": false,
            "availability_zone": "ap-northeast-2a",
            "availability_zone_id": "apne2-az1",
            "cidr_block": "10.0.10.0/24",
            "customer_owned_ipv4_pool": "",
            "id": "subnet-019f0270a4c94945d",
            "ipv6_cidr_block": "",
            "ipv6_cidr_block_association_id": "",
            "map_customer_owned_ip_on_launch": false,
            "map_public_ip_on_launch": false,
            "outpost_arn": "",
            "owner_id": "874623496211",
            "tags": {
              "Name": "final-sub-pri-a-web"
            },
            "tags_all": {
              "Name": "final-sub-pri-a-web"
            },
            "timeouts": null,
            "vpc_id": "vpc-020764b529a49f97c"
          },
          "sensitive_attributes": [],
          "private": "eyJlMmJmYjczMC1lY2FhLTExZTYtOGY4OC0zNDM2M2JjN2M0YzAiOnsiY3JlYXRlIjo2MDAwMDAwMDAwMDAsImRlbGV0ZSI6MTIwMDAwMDAwMDAwMH0sInNjaGVtYV92ZXJzaW9uIjoiMSJ9",
          "dependencies": [
            "aws_vpc.final-vpc"
          ]
        }
      ]
    },
    {
      "mode": "managed",
      "type": "aws_subnet",
      "name": "final-sub-pri-c-db",
      "provider": "provider[\"registry.terraform.io/hashicorp/aws\"]",
      "instances": [
        {
          "schema_version": 1,
          "attributes": {
            "arn": "arn:aws:ec2:ap-northeast-2:874623496211:subnet/subnet-078a19223457dbde0",
            "assign_ipv6_address_on_creation": false,
            "availability_zone": "ap-northeast-2c",
            "availability_zone_id": "apne2-az3",
            "cidr_block": "10.0.60.0/24",
            "customer_owned_ipv4_pool": "",
            "id": "subnet-078a19223457dbde0",
            "ipv6_cidr_block": "",
            "ipv6_cidr_block_association_id": "",
            "map_customer_owned_ip_on_launch": false,
            "map_public_ip_on_launch": false,
            "outpost_arn": "",
            "owner_id": "874623496211",
            "tags": {
              "Name": "final-sub-pri-c-db"
            },
            "tags_all": {
              "Name": "final-sub-pri-c-db"
            },
            "timeouts": null,
            "vpc_id": "vpc-020764b529a49f97c"
          },
          "sensitive_attributes": [],
          "private": "eyJlMmJmYjczMC1lY2FhLTExZTYtOGY4OC0zNDM2M2JjN2M0YzAiOnsiY3JlYXRlIjo2MDAwMDAwMDAwMDAsImRlbGV0ZSI6MTIwMDAwMDAwMDAwMH0sInNjaGVtYV92ZXJzaW9uIjoiMSJ9",
          "dependencies": [
            "aws_vpc.final-vpc"
          ]
        }
      ]
    },
    {
      "mode": "managed",
      "type": "aws_subnet",
      "name": "final-sub-pri-c-was",
      "provider": "provider[\"registry.terraform.io/hashicorp/aws\"]",
      "instances": [
        {
          "schema_version": 1,
          "attributes": {
            "arn": "arn:aws:ec2:ap-northeast-2:874623496211:subnet/subnet-04b2766ad1f0f94e5",
            "assign_ipv6_address_on_creation": false,
            "availability_zone": "ap-northeast-2c",
            "availability_zone_id": "apne2-az3",
            "cidr_block": "10.0.40.0/24",
            "customer_owned_ipv4_pool": "",
            "id": "subnet-04b2766ad1f0f94e5",
            "ipv6_cidr_block": "",
            "ipv6_cidr_block_association_id": "",
            "map_customer_owned_ip_on_launch": false,
            "map_public_ip_on_launch": false,
            "outpost_arn": "",
            "owner_id": "874623496211",
            "tags": {
              "Name": "final-sub-pri-c-was"
            },
            "tags_all": {
              "Name": "final-sub-pri-c-was"
            },
            "timeouts": null,
            "vpc_id": "vpc-020764b529a49f97c"
          },
          "sensitive_attributes": [],
          "private": "eyJlMmJmYjczMC1lY2FhLTExZTYtOGY4OC0zNDM2M2JjN2M0YzAiOnsiY3JlYXRlIjo2MDAwMDAwMDAwMDAsImRlbGV0ZSI6MTIwMDAwMDAwMDAwMH0sInNjaGVtYV92ZXJzaW9uIjoiMSJ9",
          "dependencies": [
            "aws_vpc.final-vpc"
          ]
        }
      ]
    },
    {
      "mode": "managed",
      "type": "aws_subnet",
      "name": "final-sub-pri-c-web",
      "provider": "provider[\"registry.terraform.io/hashicorp/aws\"]",
      "instances": [
        {
          "schema_version": 1,
          "attributes": {
            "arn": "arn:aws:ec2:ap-northeast-2:874623496211:subnet/subnet-082d710be4c731e37",
            "assign_ipv6_address_on_creation": false,
            "availability_zone": "ap-northeast-2c",
            "availability_zone_id": "apne2-az3",
            "cidr_block": "10.0.20.0/24",
            "customer_owned_ipv4_pool": "",
            "id": "subnet-082d710be4c731e37",
            "ipv6_cidr_block": "",
            "ipv6_cidr_block_association_id": "",
            "map_customer_owned_ip_on_launch": false,
            "map_public_ip_on_launch": false,
            "outpost_arn": "",
            "owner_id": "874623496211",
            "tags": {
              "Name": "final-sub-pri-c-web"
            },
            "tags_all": {
              "Name": "final-sub-pri-c-web"
            },
            "timeouts": null,
            "vpc_id": "vpc-020764b529a49f97c"
          },
          "sensitive_attributes": [],
          "private": "eyJlMmJmYjczMC1lY2FhLTExZTYtOGY4OC0zNDM2M2JjN2M0YzAiOnsiY3JlYXRlIjo2MDAwMDAwMDAwMDAsImRlbGV0ZSI6MTIwMDAwMDAwMDAwMH0sInNjaGVtYV92ZXJzaW9uIjoiMSJ9",
          "dependencies": [
            "aws_vpc.final-vpc"
          ]
        }
      ]
    },
    {
      "mode": "managed",
      "type": "aws_subnet",
      "name": "final-sub-pub-a",
      "provider": "provider[\"registry.terraform.io/hashicorp/aws\"]",
      "instances": [
        {
          "schema_version": 1,
          "attributes": {
            "arn": "arn:aws:ec2:ap-northeast-2:874623496211:subnet/subnet-097a671ad1a4cf2ac",
            "assign_ipv6_address_on_creation": false,
            "availability_zone": "ap-northeast-2a",
            "availability_zone_id": "apne2-az1",
            "cidr_block": "10.0.1.0/24",
            "customer_owned_ipv4_pool": "",
            "id": "subnet-097a671ad1a4cf2ac",
            "ipv6_cidr_block": "",
            "ipv6_cidr_block_association_id": "",
            "map_customer_owned_ip_on_launch": false,
            "map_public_ip_on_launch": true,
            "outpost_arn": "",
            "owner_id": "874623496211",
            "tags": {
              "Name": "final-sub-pub-a"
            },
            "tags_all": {
              "Name": "final-sub-pub-a"
            },
            "timeouts": null,
            "vpc_id": "vpc-020764b529a49f97c"
          },
          "sensitive_attributes": [],
          "private": "eyJlMmJmYjczMC1lY2FhLTExZTYtOGY4OC0zNDM2M2JjN2M0YzAiOnsiY3JlYXRlIjo2MDAwMDAwMDAwMDAsImRlbGV0ZSI6MTIwMDAwMDAwMDAwMH0sInNjaGVtYV92ZXJzaW9uIjoiMSJ9",
          "dependencies": [
            "aws_vpc.final-vpc"
          ]
        }
      ]
    },
    {
      "mode": "managed",
      "type": "aws_subnet",
      "name": "final-sub-pub-c",
      "provider": "provider[\"registry.terraform.io/hashicorp/aws\"]",
      "instances": [
        {
          "schema_version": 1,
          "attributes": {
            "arn": "arn:aws:ec2:ap-northeast-2:874623496211:subnet/subnet-0790a8212bd940af5",
            "assign_ipv6_address_on_creation": false,
            "availability_zone": "ap-northeast-2c",
            "availability_zone_id": "apne2-az3",
            "cidr_block": "10.0.2.0/24",
            "customer_owned_ipv4_pool": "",
            "id": "subnet-0790a8212bd940af5",
            "ipv6_cidr_block": "",
            "ipv6_cidr_block_association_id": "",
            "map_customer_owned_ip_on_launch": false,
            "map_public_ip_on_launch": true,
            "outpost_arn": "",
            "owner_id": "874623496211",
            "tags": {
              "Name": "final-sub-pub-c"
            },
            "tags_all": {
              "Name": "final-sub-pub-c"
            },
            "timeouts": null,
            "vpc_id": "vpc-020764b529a49f97c"
          },
          "sensitive_attributes": [],
          "private": "eyJlMmJmYjczMC1lY2FhLTExZTYtOGY4OC0zNDM2M2JjN2M0YzAiOnsiY3JlYXRlIjo2MDAwMDAwMDAwMDAsImRlbGV0ZSI6MTIwMDAwMDAwMDAwMH0sInNjaGVtYV92ZXJzaW9uIjoiMSJ9",
          "dependencies": [
            "aws_vpc.final-vpc"
          ]
        }
      ]
    },
    {
      "mode": "managed",
      "type": "aws_volume_attachment",
      "name": "final-ebs-att",
      "provider": "provider[\"registry.terraform.io/hashicorp/aws\"]",
      "instances": [
        {
          "schema_version": 0,
          "attributes": {
            "device_name": "/dev/sdh",
            "force_detach": null,
            "id": "vai-249317328",
            "instance_id": "i-0898db0712bc85c23",
            "skip_destroy": null,
            "stop_instance_before_detaching": null,
            "volume_id": "vol-02669d3cb41a9b8b3"
          },
          "sensitive_attributes": [],
          "private": "bnVsbA==",
          "dependencies": [
            "aws_security_group.final-sg-pub-bastion",
            "aws_subnet.final-sub-pub-c",
            "aws_vpc.final-vpc",
            "data.aws_ami.amzn",
            "aws_ebs_volume.final-ebs",
            "aws_instance.final-ec2-pub-control"
          ]
        }
      ]
    },
    {
      "mode": "managed",
      "type": "aws_vpc",
      "name": "final-vpc",
      "provider": "provider[\"registry.terraform.io/hashicorp/aws\"]",
      "instances": [
        {
          "schema_version": 1,
          "attributes": {
            "arn": "arn:aws:ec2:ap-northeast-2:874623496211:vpc/vpc-020764b529a49f97c",
            "assign_generated_ipv6_cidr_block": false,
            "cidr_block": "10.0.0.0/16",
            "default_network_acl_id": "acl-08badb8dd746d996a",
            "default_route_table_id": "rtb-0203ad37b4d46fd89",
            "default_security_group_id": "sg-052a4f3aac47122e2",
            "dhcp_options_id": "dopt-d3f6b9b8",
            "enable_classiclink": null,
            "enable_classiclink_dns_support": null,
            "enable_dns_hostnames": true,
            "enable_dns_support": true,
            "id": "vpc-020764b529a49f97c",
            "instance_tenancy": "default",
            "ipv4_ipam_pool_id": null,
            "ipv4_netmask_length": null,
            "ipv6_association_id": "",
            "ipv6_cidr_block": "",
            "ipv6_ipam_pool_id": null,
            "ipv6_netmask_length": null,
            "main_route_table_id": "rtb-0203ad37b4d46fd89",
            "owner_id": "874623496211",
            "tags": {
              "Name": "final-vpc"
            },
            "tags_all": {
              "Name": "final-vpc"
            }
          },
          "sensitive_attributes": [],
          "private": "eyJzY2hlbWFfdmVyc2lvbiI6IjEifQ=="
        }
      ]
    }
  ]
}
